// !$*UTF8*$!
{
	archiveVersion = 1;
	classes = {
	};
	objectVersion = 46;
	objects = {

/* Begin PBXBuildFile section */
		446CCBAA1D22E3CC00F3F03E /* main.m in Sources */ = {isa = PBXBuildFile; fileRef = 446CCBA91D22E3CC00F3F03E /* main.m */; };
		446CCBB21D22EB4200F3F03E /* InputCollector.m in Sources */ = {isa = PBXBuildFile; fileRef = 446CCBB11D22EB4200F3F03E /* InputCollector.m */; };
		446CCBB51D23114D00F3F03E /* Contact.m in Sources */ = {isa = PBXBuildFile; fileRef = 446CCBB41D23114D00F3F03E /* Contact.m */; };
		446CCBB81D2315FB00F3F03E /* ContactList.m in Sources */ = {isa = PBXBuildFile; fileRef = 446CCBB71D2315FB00F3F03E /* ContactList.m */; };
/* End PBXBuildFile section */

/* Begin PBXCopyFilesBuildPhase section */
		446CCBA41D22E3CC00F3F03E /* CopyFiles */ = {
			isa = PBXCopyFilesBuildPhase;
			buildActionMask = 2147483647;
			dstPath = /usr/share/man/man1/;
			dstSubfolderSpec = 0;
			files = (
			);
			runOnlyForDeploymentPostprocessing = 1;
		};
/* End PBXCopyFilesBuildPhase section */

/* Begin PBXFileReference section */
		446CCBA61D22E3CC00F3F03E /* ContactList */ = {isa = PBXFileReference; explicitFileType = "compiled.mach-o.executable"; includeInIndex = 0; path = ContactList; sourceTree = BUILT_PRODUCTS_DIR; };
		446CCBA91D22E3CC00F3F03E /* main.m */ = {isa = PBXFileReference; lastKnownFileType = sourcecode.c.objc; path = main.m; sourceTree = "<group>"; };
		446CCBB01D22EB4200F3F03E /* InputCollector.h */ = {isa = PBXFileReference; fileEncoding = 4; lastKnownFileType = sourcecode.c.h; path = InputCollector.h; sourceTree = "<group>"; };
		446CCBB11D22EB4200F3F03E /* InputCollector.m */ = {isa = PBXFileReference; fileEncoding = 4; lastKnownFileType = sourcecode.c.objc; path = InputCollector.m; sourceTree = "<group>"; };
		446CCBB31D23114D00F3F03E /* Contact.h */ = {isa = PBXFileReference; fileEncoding = 4; lastKnownFileType = sourcecode.c.h; path = Contact.h; sourceTree = "<group>"; };
		446CCBB41D23114D00F3F03E /* Contact.m */ = {isa = PBXFileReference; fileEncoding = 4; lastKnownFileType = sourcecode.c.objc; path = Contact.m; sourceTree = "<group>"; };
		446CCBB61D2315FB00F3F03E /* ContactList.h */ = {isa = PBXFileReference; fileEncoding = 4; lastKnownFileType = sourcecode.c.h; path = ContactList.h; sourceTree = "<group>"; };
		446CCBB71D2315FB00F3F03E /* ContactList.m */ = {isa = PBXFileReference; fileEncoding = 4; lastKnownFileType = sourcecode.c.objc; path = ContactList.m; sourceTree = "<group>"; };
/* End PBXFileReference section */

/* Begin PBXFrameworksBuildPhase section */
		446CCBA31D22E3CC00F3F03E /* Frameworks */ = {
			isa = PBXFrameworksBuildPhase;
			buildActionMask = 2147483647;
			files = (
			);
			runOnlyForDeploymentPostprocessing = 0;
		};
/* End PBXFrameworksBuildPhase section */

/* Begin PBXGroup section */
		446CCB9D1D22E3CC00F3F03E = {
			isa = PBXGroup;
			children = (
				446CCBA81D22E3CC00F3F03E /* ContactList */,
				446CCBA71D22E3CC00F3F03E /* Products */,
			);
			sourceTree = "<group>";
		};
		446CCBA71D22E3CC00F3F03E /* Products */ = {
			isa = PBXGroup;
			children = (
				446CCBA61D22E3CC00F3F03E /* ContactList */,
			);
			name = Products;
			sourceTree = "<group>";
		};
		446CCBA81D22E3CC00F3F03E /* ContactList */ = {
			isa = PBXGroup;
			children = (
				446CCBA91D22E3CC00F3F03E /* main.m */,
				446CCBB61D2315FB00F3F03E /* ContactList.h */,
				446CCBB71D2315FB00F3F03E /* ContactList.m */,
				446CCBB31D23114D00F3F03E /* Contact.h */,
				446CCBB41D23114D00F3F03E /* Contact.m */,
				446CCBB01D22EB4200F3F03E /* InputCollector.h */,
				446CCBB11D22EB4200F3F03E /* InputCollector.m */,
			);
			path = ContactList;
			sourceTree = "<group>";
		};
/* End PBXGroup section */

/* Begin PBXNativeTarget section */
		446CCBA51D22E3CC00F3F03E /* ContactList */ = {
			isa = PBXNativeTarget;
			buildConfigurationList = 446CCBAD1D22E3CC00F3F03E /* Build configuration list for PBXNativeTarget "ContactList" */;
			buildPhases = (
				446CCBA21D22E3CC00F3F03E /* Sources */,
				446CCBA31D22E3CC00F3F03E /* Frameworks */,
				446CCBA41D22E3CC00F3F03E /* CopyFiles */,
			);
			buildRules = (
			);
			dependencies = (
			);
			name = ContactList;
			productName = ContactList;
			productReference = 446CCBA61D22E3CC00F3F03E /* ContactList */;
			productType = "com.apple.product-type.tool";
		};
/* End PBXNativeTarget section */

/* Begin PBXProject section */
		446CCB9E1D22E3CC00F3F03E /* Project object */ = {
			isa = PBXProject;
			attributes = {
				LastUpgradeCheck = 0730;
				ORGANIZATIONNAME = "Yevhen Kim";
				TargetAttributes = {
					446CCBA51D22E3CC00F3F03E = {
						CreatedOnToolsVersion = 7.3.1;
					};
				};
			};
			buildConfigurationList = 446CCBA11D22E3CC00F3F03E /* Build configuration list for PBXProject "ContactList" */;
			compatibilityVersion = "Xcode 3.2";
			developmentRegion = English;
			hasScannedForEncodings = 0;
			knownRegions = (
				en,
			);
			mainGroup = 446CCB9D1D22E3CC00F3F03E;
			productRefGroup = 446CCBA71D22E3CC00F3F03E /* Products */;
			projectDirPath = "";
			projectRoot = "";
			targets = (
				446CCBA51D22E3CC00F3F03E /* ContactList */,
			);
		};
/* End PBXProject section */

/* Begin PBXSourcesBuildPhase section */
		446CCBA21D22E3CC00F3F03E /* Sources */ = {
			isa = PBXSourcesBuildPhase;
			buildActionMask = 2147483647;
			files = (
				446CCBB81D2315FB00F3F03E /* ContactList.m in Sources */,
				446CCBB21D22EB4200F3F03E /* InputCollector.m in Sources */,
				446CCBB51D23114D00F3F03E /* Contact.m in Sources */,
				446CCBAA1D22E3CC00F3F03E /* main.m in Sources */,
			);
			runOnlyForDeploymentPostprocessing = 0;
		};
/* End PBXSourcesBuildPhase section */

/* Begin XCBuildConfiguration section */
		446CCBAB1D22E3CC00F3F03E /* Debug */ = {
			isa = XCBuildConfiguration;
			buildSettings = {
				ALWAYS_SEARCH_USER_PATHS = NO;
				CLANG_ANALYZER_NONNULL = YES;
				CLANG_CXX_LANGUAGE_STANDARD = "gnu++0x";
				CLANG_CXX_LIBRARY = "libc++";
				CLANG_ENABLE_MODULES = YES;
				CLANG_ENABLE_OBJC_ARC = YES;
				CLANG_WARN_BOOL_CONVERSION = YES;
				CLANG_WARN_CONSTANT_CONVERSION = YES;
				CLANG_WARN_DIRECT_OBJC_ISA_USAGE = YES_ERROR;
				CLANG_WARN_EMPTY_BODY = YES;
				CLANG_WARN_ENUM_CONVERSION = YES;
				CLANG_WARN_INT_CONVERSION = YES;
				CLANG_WARN_OBJC_ROOT_CLASS = YES_ERROR;
				CLANG_WARN_UNREACHABLE_CODE = YES;
				CLANG_WARN__DUPLICATE_METHOD_MATCH = YES;
				CODE_SIGN_IDENTITY = "-";
				COPY_PHASE_STRIP = NO;
				DEBUG_INFORMATION_FORMAT = dwarf;
				ENABLE_STRICT_OBJC_MSGSEND = YES;
				ENABLE_TESTABILITY = YES;
				GCC_C_LANGUAGE_STANDARD = gnu99;
				GCC_DYNAMIC_NO_PIC = NO;
				GCC_NO_COMMON_BLOCKS = YES;
				GCC_OPTIMIZATION_LEVEL = 0;
				GCC_PREPROCESSOR_DEFINITIONS = (
					"DEBUG=1",
					"$(inherited)",
				);
				GCC_WARN_64_TO_32_BIT_CONVERSION = YES;
				GCC_WARN_ABOUT_RETURN_TYPE = YES_ERROR;
				GCC_WARN_UNDECLARED_SELECTOR = YES;
				GCC_WARN_UNINITIALIZED_AUTOS = YES_AGGRESSIVE;
				GCC_WARN_UNUSED_FUNCTION = YES;
				GCC_WARN_UNUSED_VARIABLE = YES;
				MACOSX_DEPLOYMENT_TARGET = 10.11;
				MTL_ENABLE_DEBUG_INFO = YES;
				ONLY_ACTIVE_ARCH = YES;
				SDKROOT = macosx;
			};
			name = Debug;
		};
		446CCBAC1D22E3CC00F3F03E /* Release */ = {
			isa = XCBuildConfiguration;
			buildSettings = {
				ALWAYS_SEARCH_USER_PATHS = NO;
				CLANG_ANALYZER_NONNULL = YES;
				CLANG_CXX_LANGUAGE_STANDARD = "gnu++0x";
				CLANG_CXX_LIBRARY = "libc++";
				CLANG_ENABLE_MODULES = YES;
				CLANG_ENABLE_OBJC_ARC = YES;
				CLANG_WARN_BOOL_CONVERSION = YES;
				CLANG_WARN_CONSTANT_CONVERSION = YES;
				CLANG_WARN_DIRECT_OBJC_ISA_USAGE = YES_ERROR;
				CLANG_WARN_EMPTY_BODY = YES;
				CLANG_WARN_ENUM_CONVERSION = YES;
				CLANG_WARN_INT_CONVERSION = YES;
				CLANG_WARN_OBJC_ROOT_CLASS = YES_ERROR;
				CLANG_WARN_UNREACHABLE_CODE = YES;
				CLANG_WARN__DUPLICATE_METHOD_MATCH = YES;
				CODE_SIGN_IDENTITY = "-";
				COPY_PHASE_STRIP = NO;
				DEBUG_INFORMATION_FORMAT = "dwarf-with-dsym";
				ENABLE_NS_ASSERTIONS = NO;
				ENABLE_STRICT_OBJC_MSGSEND = YES;
				GCC_C_LANGUAGE_STANDARD = gnu99;
				GCC_NO_COMMON_BLOCKS = YES;
				GCC_WARN_64_TO_32_BIT_CONVERSION = YES;
				GCC_WARN_ABOUT_RETURN_TYPE = YES_ERROR;
				GCC_WARN_UNDECLARED_SELECTOR = YES;
				GCC_WARN_UNINITIALIZED_AUTOS = YES_AGGRESSIVE;
				GCC_WARN_UNUSED_FUNCTION = YES;
				GCC_WARN_UNUSED_VARIABLE = YES;
				MACOSX_DEPLOYMENT_TARGET = 10.11;
				MTL_ENABLE_DEBUG_INFO = NO;
				SDKROOT = macosx;
			};
			name = Release;
		};
		446CCBAE1D22E3CC00F3F03E /* Debug */ = {
			isa = XCBuildConfiguration;
			buildSettings = {
				PRODUCT_NAME = "$(TARGET_NAME)";
			};
			name = Debug;
		};
		446CCBAF1D22E3CC00F3F03E /* Release */ = {
			isa = XCBuildConfiguration;
			buildSettings = {
				PRODUCT_NAME = "$(TARGET_NAME)";
			};
			name = Release;
		};
/* End XCBuildConfiguration section */

/* Begin XCConfigurationList section */
		446CCBA11D22E3CC00F3F03E /* Build configuration list for PBXProject "ContactList" */ = {
			isa = XCConfigurationList;
			buildConfigurations = (
				446CCBAB1D22E3CC00F3F03E /* Debug */,
				446CCBAC1D22E3CC00F3F03E /* Release */,
			);
			defaultConfigurationIsVisible = 0;
			defaultConfigurationName = Release;
		};
		446CCBAD1D22E3CC00F3F03E /* Build configuration list for PBXNativeTarget "ContactList" */ = {
			isa = XCConfigurationList;
			buildConfigurations = (
				446CCBAE1D22E3CC00F3F03E /* Debug */,
				446CCBAF1D22E3CC00F3F03E /* Release */,
			);
			defaultConfigurationIsVisible = 0;
		};
/* End XCConfigurationList section */
	};
	rootObject = 446CCB9E1D22E3CC00F3F03E /* Project object */;
}
