// !$*UTF8*$!
{
	archiveVersion = 1;
	classes = {
	};
	objectVersion = 46;
	objects = {

/* Begin PBXBuildFile section */
		449D42981D3C6C8D00EAE5AB /* main.m in Sources */ = {isa = PBXBuildFile; fileRef = 449D42971D3C6C8D00EAE5AB /* main.m */; };
		449D429B1D3C6C8D00EAE5AB /* AppDelegate.m in Sources */ = {isa = PBXBuildFile; fileRef = 449D429A1D3C6C8D00EAE5AB /* AppDelegate.m */; };
		449D429E1D3C6C8D00EAE5AB /* ViewController.m in Sources */ = {isa = PBXBuildFile; fileRef = 449D429D1D3C6C8D00EAE5AB /* ViewController.m */; };
		449D42A11D3C6C8D00EAE5AB /* Main.storyboard in Resources */ = {isa = PBXBuildFile; fileRef = 449D429F1D3C6C8D00EAE5AB /* Main.storyboard */; };
		449D42A31D3C6C8D00EAE5AB /* Assets.xcassets in Resources */ = {isa = PBXBuildFile; fileRef = 449D42A21D3C6C8D00EAE5AB /* Assets.xcassets */; };
		449D42A61D3C6C8D00EAE5AB /* LaunchScreen.storyboard in Resources */ = {isa = PBXBuildFile; fileRef = 449D42A41D3C6C8D00EAE5AB /* LaunchScreen.storyboard */; };
		449D42B11D3C6C8D00EAE5AB /* CoverFlowLayoutTests.m in Sources */ = {isa = PBXBuildFile; fileRef = 449D42B01D3C6C8D00EAE5AB /* CoverFlowLayoutTests.m */; };
		449D42BD1D3C6D3800EAE5AB /* CustomCollectionViewController.m in Sources */ = {isa = PBXBuildFile; fileRef = 449D42BC1D3C6D3800EAE5AB /* CustomCollectionViewController.m */; };
		449D42C01D3C6E6100EAE5AB /* CoverFlowLayout.m in Sources */ = {isa = PBXBuildFile; fileRef = 449D42BF1D3C6E6100EAE5AB /* CoverFlowLayout.m */; };
/* End PBXBuildFile section */

/* Begin PBXContainerItemProxy section */
		449D42AD1D3C6C8D00EAE5AB /* PBXContainerItemProxy */ = {
			isa = PBXContainerItemProxy;
			containerPortal = 449D428B1D3C6C8D00EAE5AB /* Project object */;
			proxyType = 1;
			remoteGlobalIDString = 449D42921D3C6C8D00EAE5AB;
			remoteInfo = CoverFlowLayout;
		};
/* End PBXContainerItemProxy section */

/* Begin PBXFileReference section */
		449D42931D3C6C8D00EAE5AB /* CoverFlowLayout.app */ = {isa = PBXFileReference; explicitFileType = wrapper.application; includeInIndex = 0; path = CoverFlowLayout.app; sourceTree = BUILT_PRODUCTS_DIR; };
		449D42971D3C6C8D00EAE5AB /* main.m */ = {isa = PBXFileReference; lastKnownFileType = sourcecode.c.objc; path = main.m; sourceTree = "<group>"; };
		449D42991D3C6C8D00EAE5AB /* AppDelegate.h */ = {isa = PBXFileReference; lastKnownFileType = sourcecode.c.h; path = AppDelegate.h; sourceTree = "<group>"; };
		449D429A1D3C6C8D00EAE5AB /* AppDelegate.m */ = {isa = PBXFileReference; lastKnownFileType = sourcecode.c.objc; path = AppDelegate.m; sourceTree = "<group>"; };
		449D429C1D3C6C8D00EAE5AB /* ViewController.h */ = {isa = PBXFileReference; lastKnownFileType = sourcecode.c.h; path = ViewController.h; sourceTree = "<group>"; };
		449D429D1D3C6C8D00EAE5AB /* ViewController.m */ = {isa = PBXFileReference; lastKnownFileType = sourcecode.c.objc; path = ViewController.m; sourceTree = "<group>"; };
		449D42A01D3C6C8D00EAE5AB /* Base */ = {isa = PBXFileReference; lastKnownFileType = file.storyboard; name = Base; path = Base.lproj/Main.storyboard; sourceTree = "<group>"; };
		449D42A21D3C6C8D00EAE5AB /* Assets.xcassets */ = {isa = PBXFileReference; lastKnownFileType = folder.assetcatalog; path = Assets.xcassets; sourceTree = "<group>"; };
		449D42A51D3C6C8D00EAE5AB /* Base */ = {isa = PBXFileReference; lastKnownFileType = file.storyboard; name = Base; path = Base.lproj/LaunchScreen.storyboard; sourceTree = "<group>"; };
		449D42A71D3C6C8D00EAE5AB /* Info.plist */ = {isa = PBXFileReference; lastKnownFileType = text.plist.xml; path = Info.plist; sourceTree = "<group>"; };
		449D42AC1D3C6C8D00EAE5AB /* CoverFlowLayoutTests.xctest */ = {isa = PBXFileReference; explicitFileType = wrapper.cfbundle; includeInIndex = 0; path = CoverFlowLayoutTests.xctest; sourceTree = BUILT_PRODUCTS_DIR; };
		449D42B01D3C6C8D00EAE5AB /* CoverFlowLayoutTests.m */ = {isa = PBXFileReference; lastKnownFileType = sourcecode.c.objc; path = CoverFlowLayoutTests.m; sourceTree = "<group>"; };
		449D42B21D3C6C8D00EAE5AB /* Info.plist */ = {isa = PBXFileReference; lastKnownFileType = text.plist.xml; path = Info.plist; sourceTree = "<group>"; };
		449D42BB1D3C6D3800EAE5AB /* CustomCollectionViewController.h */ = {isa = PBXFileReference; fileEncoding = 4; lastKnownFileType = sourcecode.c.h; path = CustomCollectionViewController.h; sourceTree = "<group>"; };
		449D42BC1D3C6D3800EAE5AB /* CustomCollectionViewController.m */ = {isa = PBXFileReference; fileEncoding = 4; lastKnownFileType = sourcecode.c.objc; path = CustomCollectionViewController.m; sourceTree = "<group>"; };
		449D42BE1D3C6E6100EAE5AB /* CoverFlowLayout.h */ = {isa = PBXFileReference; fileEncoding = 4; lastKnownFileType = sourcecode.c.h; path = CoverFlowLayout.h; sourceTree = "<group>"; };
		449D42BF1D3C6E6100EAE5AB /* CoverFlowLayout.m */ = {isa = PBXFileReference; fileEncoding = 4; lastKnownFileType = sourcecode.c.objc; path = CoverFlowLayout.m; sourceTree = "<group>"; };
/* End PBXFileReference section */

/* Begin PBXFrameworksBuildPhase section */
		449D42901D3C6C8D00EAE5AB /* Frameworks */ = {
			isa = PBXFrameworksBuildPhase;
			buildActionMask = 2147483647;
			files = (
			);
			runOnlyForDeploymentPostprocessing = 0;
		};
		449D42A91D3C6C8D00EAE5AB /* Frameworks */ = {
			isa = PBXFrameworksBuildPhase;
			buildActionMask = 2147483647;
			files = (
			);
			runOnlyForDeploymentPostprocessing = 0;
		};
/* End PBXFrameworksBuildPhase section */

/* Begin PBXGroup section */
		449D428A1D3C6C8D00EAE5AB = {
			isa = PBXGroup;
			children = (
				449D42951D3C6C8D00EAE5AB /* CoverFlowLayout */,
				449D42AF1D3C6C8D00EAE5AB /* CoverFlowLayoutTests */,
				449D42941D3C6C8D00EAE5AB /* Products */,
			);
			sourceTree = "<group>";
		};
		449D42941D3C6C8D00EAE5AB /* Products */ = {
			isa = PBXGroup;
			children = (
				449D42931D3C6C8D00EAE5AB /* CoverFlowLayout.app */,
				449D42AC1D3C6C8D00EAE5AB /* CoverFlowLayoutTests.xctest */,
			);
			name = Products;
			sourceTree = "<group>";
		};
		449D42951D3C6C8D00EAE5AB /* CoverFlowLayout */ = {
			isa = PBXGroup;
			children = (
				449D42991D3C6C8D00EAE5AB /* AppDelegate.h */,
				449D429A1D3C6C8D00EAE5AB /* AppDelegate.m */,
				449D429C1D3C6C8D00EAE5AB /* ViewController.h */,
				449D429D1D3C6C8D00EAE5AB /* ViewController.m */,
				449D429F1D3C6C8D00EAE5AB /* Main.storyboard */,
				449D42A21D3C6C8D00EAE5AB /* Assets.xcassets */,
				449D42A41D3C6C8D00EAE5AB /* LaunchScreen.storyboard */,
				449D42A71D3C6C8D00EAE5AB /* Info.plist */,
				449D42961D3C6C8D00EAE5AB /* Supporting Files */,
				449D42BB1D3C6D3800EAE5AB /* CustomCollectionViewController.h */,
				449D42BC1D3C6D3800EAE5AB /* CustomCollectionViewController.m */,
				449D42BE1D3C6E6100EAE5AB /* CoverFlowLayout.h */,
				449D42BF1D3C6E6100EAE5AB /* CoverFlowLayout.m */,
			);
			path = CoverFlowLayout;
			sourceTree = "<group>";
		};
		449D42961D3C6C8D00EAE5AB /* Supporting Files */ = {
			isa = PBXGroup;
			children = (
				449D42971D3C6C8D00EAE5AB /* main.m */,
			);
			name = "Supporting Files";
			sourceTree = "<group>";
		};
		449D42AF1D3C6C8D00EAE5AB /* CoverFlowLayoutTests */ = {
			isa = PBXGroup;
			children = (
				449D42B01D3C6C8D00EAE5AB /* CoverFlowLayoutTests.m */,
				449D42B21D3C6C8D00EAE5AB /* Info.plist */,
			);
			path = CoverFlowLayoutTests;
			sourceTree = "<group>";
		};
/* End PBXGroup section */

/* Begin PBXNativeTarget section */
		449D42921D3C6C8D00EAE5AB /* CoverFlowLayout */ = {
			isa = PBXNativeTarget;
			buildConfigurationList = 449D42B51D3C6C8D00EAE5AB /* Build configuration list for PBXNativeTarget "CoverFlowLayout" */;
			buildPhases = (
				449D428F1D3C6C8D00EAE5AB /* Sources */,
				449D42901D3C6C8D00EAE5AB /* Frameworks */,
				449D42911D3C6C8D00EAE5AB /* Resources */,
			);
			buildRules = (
			);
			dependencies = (
			);
			name = CoverFlowLayout;
			productName = CoverFlowLayout;
			productReference = 449D42931D3C6C8D00EAE5AB /* CoverFlowLayout.app */;
			productType = "com.apple.product-type.application";
		};
		449D42AB1D3C6C8D00EAE5AB /* CoverFlowLayoutTests */ = {
			isa = PBXNativeTarget;
			buildConfigurationList = 449D42B81D3C6C8D00EAE5AB /* Build configuration list for PBXNativeTarget "CoverFlowLayoutTests" */;
			buildPhases = (
				449D42A81D3C6C8D00EAE5AB /* Sources */,
				449D42A91D3C6C8D00EAE5AB /* Frameworks */,
				449D42AA1D3C6C8D00EAE5AB /* Resources */,
			);
			buildRules = (
			);
			dependencies = (
				449D42AE1D3C6C8D00EAE5AB /* PBXTargetDependency */,
			);
			name = CoverFlowLayoutTests;
			productName = CoverFlowLayoutTests;
			productReference = 449D42AC1D3C6C8D00EAE5AB /* CoverFlowLayoutTests.xctest */;
			productType = "com.apple.product-type.bundle.unit-test";
		};
/* End PBXNativeTarget section */

/* Begin PBXProject section */
		449D428B1D3C6C8D00EAE5AB /* Project object */ = {
			isa = PBXProject;
			attributes = {
				LastUpgradeCheck = 0730;
				ORGANIZATIONNAME = "Yevhen Kim";
				TargetAttributes = {
					449D42921D3C6C8D00EAE5AB = {
						CreatedOnToolsVersion = 7.3.1;
					};
					449D42AB1D3C6C8D00EAE5AB = {
						CreatedOnToolsVersion = 7.3.1;
						TestTargetID = 449D42921D3C6C8D00EAE5AB;
					};
				};
			};
			buildConfigurationList = 449D428E1D3C6C8D00EAE5AB /* Build configuration list for PBXProject "CoverFlowLayout" */;
			compatibilityVersion = "Xcode 3.2";
			developmentRegion = English;
			hasScannedForEncodings = 0;
			knownRegions = (
				en,
				Base,
			);
			mainGroup = 449D428A1D3C6C8D00EAE5AB;
			productRefGroup = 449D42941D3C6C8D00EAE5AB /* Products */;
			projectDirPath = "";
			projectRoot = "";
			targets = (
				449D42921D3C6C8D00EAE5AB /* CoverFlowLayout */,
				449D42AB1D3C6C8D00EAE5AB /* CoverFlowLayoutTests */,
			);
		};
/* End PBXProject section */

/* Begin PBXResourcesBuildPhase section */
		449D42911D3C6C8D00EAE5AB /* Resources */ = {
			isa = PBXResourcesBuildPhase;
			buildActionMask = 2147483647;
			files = (
				449D42A61D3C6C8D00EAE5AB /* LaunchScreen.storyboard in Resources */,
				449D42A31D3C6C8D00EAE5AB /* Assets.xcassets in Resources */,
				449D42A11D3C6C8D00EAE5AB /* Main.storyboard in Resources */,
			);
			runOnlyForDeploymentPostprocessing = 0;
		};
		449D42AA1D3C6C8D00EAE5AB /* Resources */ = {
			isa = PBXResourcesBuildPhase;
			buildActionMask = 2147483647;
			files = (
			);
			runOnlyForDeploymentPostprocessing = 0;
		};
/* End PBXResourcesBuildPhase section */

/* Begin PBXSourcesBuildPhase section */
		449D428F1D3C6C8D00EAE5AB /* Sources */ = {
			isa = PBXSourcesBuildPhase;
			buildActionMask = 2147483647;
			files = (
				449D42BD1D3C6D3800EAE5AB /* CustomCollectionViewController.m in Sources */,
				449D42C01D3C6E6100EAE5AB /* CoverFlowLayout.m in Sources */,
				449D429E1D3C6C8D00EAE5AB /* ViewController.m in Sources */,
				449D429B1D3C6C8D00EAE5AB /* AppDelegate.m in Sources */,
				449D42981D3C6C8D00EAE5AB /* main.m in Sources */,
			);
			runOnlyForDeploymentPostprocessing = 0;
		};
		449D42A81D3C6C8D00EAE5AB /* Sources */ = {
			isa = PBXSourcesBuildPhase;
			buildActionMask = 2147483647;
			files = (
				449D42B11D3C6C8D00EAE5AB /* CoverFlowLayoutTests.m in Sources */,
			);
			runOnlyForDeploymentPostprocessing = 0;
		};
/* End PBXSourcesBuildPhase section */

/* Begin PBXTargetDependency section */
		449D42AE1D3C6C8D00EAE5AB /* PBXTargetDependency */ = {
			isa = PBXTargetDependency;
			target = 449D42921D3C6C8D00EAE5AB /* CoverFlowLayout */;
			targetProxy = 449D42AD1D3C6C8D00EAE5AB /* PBXContainerItemProxy */;
		};
/* End PBXTargetDependency section */

/* Begin PBXVariantGroup section */
		449D429F1D3C6C8D00EAE5AB /* Main.storyboard */ = {
			isa = PBXVariantGroup;
			children = (
				449D42A01D3C6C8D00EAE5AB /* Base */,
			);
			name = Main.storyboard;
			sourceTree = "<group>";
		};
		449D42A41D3C6C8D00EAE5AB /* LaunchScreen.storyboard */ = {
			isa = PBXVariantGroup;
			children = (
				449D42A51D3C6C8D00EAE5AB /* Base */,
			);
			name = LaunchScreen.storyboard;
			sourceTree = "<group>";
		};
/* End PBXVariantGroup section */

/* Begin XCBuildConfiguration section */
		449D42B31D3C6C8D00EAE5AB /* Debug */ = {
			isa = XCBuildConfiguration;
			buildSettings = {
				ALWAYS_SEARCH_USER_PATHS = NO;
				CLANG_ANALYZER_NONNULL = YES;
				CLANG_CXX_LANGUAGE_STANDARD = "gnu++0x";
				CLANG_CXX_LIBRARY = "libc++";
				CLANG_ENABLE_MODULES = YES;
				CLANG_ENABLE_OBJC_ARC = YES;
				CLANG_WARN_BOOL_CONVERSION = YES;
				CLANG_WARN_CONSTANT_CONVERSION = YES;
				CLANG_WARN_DIRECT_OBJC_ISA_USAGE = YES_ERROR;
				CLANG_WARN_EMPTY_BODY = YES;
				CLANG_WARN_ENUM_CONVERSION = YES;
				CLANG_WARN_INT_CONVERSION = YES;
				CLANG_WARN_OBJC_ROOT_CLASS = YES_ERROR;
				CLANG_WARN_UNREACHABLE_CODE = YES;
				CLANG_WARN__DUPLICATE_METHOD_MATCH = YES;
				"CODE_SIGN_IDENTITY[sdk=iphoneos*]" = "iPhone Developer";
				COPY_PHASE_STRIP = NO;
				DEBUG_INFORMATION_FORMAT = dwarf;
				ENABLE_STRICT_OBJC_MSGSEND = YES;
				ENABLE_TESTABILITY = YES;
				GCC_C_LANGUAGE_STANDARD = gnu99;
				GCC_DYNAMIC_NO_PIC = NO;
				GCC_NO_COMMON_BLOCKS = YES;
				GCC_OPTIMIZATION_LEVEL = 0;
				GCC_PREPROCESSOR_DEFINITIONS = (
					"DEBUG=1",
					"$(inherited)",
				);
				GCC_WARN_64_TO_32_BIT_CONVERSION = YES;
				GCC_WARN_ABOUT_RETURN_TYPE = YES_ERROR;
				GCC_WARN_UNDECLARED_SELECTOR = YES;
				GCC_WARN_UNINITIALIZED_AUTOS = YES_AGGRESSIVE;
				GCC_WARN_UNUSED_FUNCTION = YES;
				GCC_WARN_UNUSED_VARIABLE = YES;
				IPHONEOS_DEPLOYMENT_TARGET = 9.3;
				MTL_ENABLE_DEBUG_INFO = YES;
				ONLY_ACTIVE_ARCH = YES;
				SDKROOT = iphoneos;
			};
			name = Debug;
		};
		449D42B41D3C6C8D00EAE5AB /* Release */ = {
			isa = XCBuildConfiguration;
			buildSettings = {
				ALWAYS_SEARCH_USER_PATHS = NO;
				CLANG_ANALYZER_NONNULL = YES;
				CLANG_CXX_LANGUAGE_STANDARD = "gnu++0x";
				CLANG_CXX_LIBRARY = "libc++";
				CLANG_ENABLE_MODULES = YES;
				CLANG_ENABLE_OBJC_ARC = YES;
				CLANG_WARN_BOOL_CONVERSION = YES;
				CLANG_WARN_CONSTANT_CONVERSION = YES;
				CLANG_WARN_DIRECT_OBJC_ISA_USAGE = YES_ERROR;
				CLANG_WARN_EMPTY_BODY = YES;
				CLANG_WARN_ENUM_CONVERSION = YES;
				CLANG_WARN_INT_CONVERSION = YES;
				CLANG_WARN_OBJC_ROOT_CLASS = YES_ERROR;
				CLANG_WARN_UNREACHABLE_CODE = YES;
				CLANG_WARN__DUPLICATE_METHOD_MATCH = YES;
				"CODE_SIGN_IDENTITY[sdk=iphoneos*]" = "iPhone Developer";
				COPY_PHASE_STRIP = NO;
				DEBUG_INFORMATION_FORMAT = "dwarf-with-dsym";
				ENABLE_NS_ASSERTIONS = NO;
				ENABLE_STRICT_OBJC_MSGSEND = YES;
				GCC_C_LANGUAGE_STANDARD = gnu99;
				GCC_NO_COMMON_BLOCKS = YES;
				GCC_WARN_64_TO_32_BIT_CONVERSION = YES;
				GCC_WARN_ABOUT_RETURN_TYPE = YES_ERROR;
				GCC_WARN_UNDECLARED_SELECTOR = YES;
				GCC_WARN_UNINITIALIZED_AUTOS = YES_AGGRESSIVE;
				GCC_WARN_UNUSED_FUNCTION = YES;
				GCC_WARN_UNUSED_VARIABLE = YES;
				IPHONEOS_DEPLOYMENT_TARGET = 9.3;
				MTL_ENABLE_DEBUG_INFO = NO;
				SDKROOT = iphoneos;
				VALIDATE_PRODUCT = YES;
			};
			name = Release;
		};
		449D42B61D3C6C8D00EAE5AB /* Debug */ = {
			isa = XCBuildConfiguration;
			buildSettings = {
				ASSETCATALOG_COMPILER_APPICON_NAME = AppIcon;
				INFOPLIST_FILE = CoverFlowLayout/Info.plist;
				LD_RUNPATH_SEARCH_PATHS = "$(inherited) @executable_path/Frameworks";
				PRODUCT_BUNDLE_IDENTIFIER = com.yevhenkim.CoverFlowLayout;
				PRODUCT_NAME = "$(TARGET_NAME)";
			};
			name = Debug;
		};
		449D42B71D3C6C8D00EAE5AB /* Release */ = {
			isa = XCBuildConfiguration;
			buildSettings = {
				ASSETCATALOG_COMPILER_APPICON_NAME = AppIcon;
				INFOPLIST_FILE = CoverFlowLayout/Info.plist;
				LD_RUNPATH_SEARCH_PATHS = "$(inherited) @executable_path/Frameworks";
				PRODUCT_BUNDLE_IDENTIFIER = com.yevhenkim.CoverFlowLayout;
				PRODUCT_NAME = "$(TARGET_NAME)";
			};
			name = Release;
		};
		449D42B91D3C6C8D00EAE5AB /* Debug */ = {
			isa = XCBuildConfiguration;
			buildSettings = {
				BUNDLE_LOADER = "$(TEST_HOST)";
				INFOPLIST_FILE = CoverFlowLayoutTests/Info.plist;
				LD_RUNPATH_SEARCH_PATHS = "$(inherited) @executable_path/Frameworks @loader_path/Frameworks";
				PRODUCT_BUNDLE_IDENTIFIER = com.yevhenkim.CoverFlowLayoutTests;
				PRODUCT_NAME = "$(TARGET_NAME)";
				TEST_HOST = "$(BUILT_PRODUCTS_DIR)/CoverFlowLayout.app/CoverFlowLayout";
			};
			name = Debug;
		};
		449D42BA1D3C6C8D00EAE5AB /* Release */ = {
			isa = XCBuildConfiguration;
			buildSettings = {
				BUNDLE_LOADER = "$(TEST_HOST)";
				INFOPLIST_FILE = CoverFlowLayoutTests/Info.plist;
				LD_RUNPATH_SEARCH_PATHS = "$(inherited) @executable_path/Frameworks @loader_path/Frameworks";
				PRODUCT_BUNDLE_IDENTIFIER = com.yevhenkim.CoverFlowLayoutTests;
				PRODUCT_NAME = "$(TARGET_NAME)";
				TEST_HOST = "$(BUILT_PRODUCTS_DIR)/CoverFlowLayout.app/CoverFlowLayout";
			};
			name = Release;
		};
/* End XCBuildConfiguration section */

/* Begin XCConfigurationList section */
		449D428E1D3C6C8D00EAE5AB /* Build configuration list for PBXProject "CoverFlowLayout" */ = {
			isa = XCConfigurationList;
			buildConfigurations = (
				449D42B31D3C6C8D00EAE5AB /* Debug */,
				449D42B41D3C6C8D00EAE5AB /* Release */,
			);
			defaultConfigurationIsVisible = 0;
			defaultConfigurationName = Release;
		};
		449D42B51D3C6C8D00EAE5AB /* Build configuration list for PBXNativeTarget "CoverFlowLayout" */ = {
			isa = XCConfigurationList;
			buildConfigurations = (
				449D42B61D3C6C8D00EAE5AB /* Debug */,
				449D42B71D3C6C8D00EAE5AB /* Release */,
			);
			defaultConfigurationIsVisible = 0;
		};
		449D42B81D3C6C8D00EAE5AB /* Build configuration list for PBXNativeTarget "CoverFlowLayoutTests" */ = {
			isa = XCConfigurationList;
			buildConfigurations = (
				449D42B91D3C6C8D00EAE5AB /* Debug */,
				449D42BA1D3C6C8D00EAE5AB /* Release */,
			);
			defaultConfigurationIsVisible = 0;
		};
/* End XCConfigurationList section */
	};
	rootObject = 449D428B1D3C6C8D00EAE5AB /* Project object */;
}
