// !$*UTF8*$!
{
	archiveVersion = 1;
	classes = {
	};
	objectVersion = 46;
	objects = {

/* Begin PBXBuildFile section */
		446D8ED71D35466D0006BEE5 /* main.m in Sources */ = {isa = PBXBuildFile; fileRef = 446D8ED61D35466D0006BEE5 /* main.m */; };
		446D8EDA1D35466D0006BEE5 /* AppDelegate.m in Sources */ = {isa = PBXBuildFile; fileRef = 446D8ED91D35466D0006BEE5 /* AppDelegate.m */; };
		446D8EDD1D35466D0006BEE5 /* ViewController.m in Sources */ = {isa = PBXBuildFile; fileRef = 446D8EDC1D35466D0006BEE5 /* ViewController.m */; };
		446D8EE01D35466D0006BEE5 /* Main.storyboard in Resources */ = {isa = PBXBuildFile; fileRef = 446D8EDE1D35466D0006BEE5 /* Main.storyboard */; };
		446D8EE21D35466D0006BEE5 /* Assets.xcassets in Resources */ = {isa = PBXBuildFile; fileRef = 446D8EE11D35466D0006BEE5 /* Assets.xcassets */; };
		446D8EE51D35466D0006BEE5 /* LaunchScreen.storyboard in Resources */ = {isa = PBXBuildFile; fileRef = 446D8EE31D35466D0006BEE5 /* LaunchScreen.storyboard */; };
		446D8EF01D35466D0006BEE5 /* ToDoTests.m in Sources */ = {isa = PBXBuildFile; fileRef = 446D8EEF1D35466D0006BEE5 /* ToDoTests.m */; };
		446D8EFC1D3546C40006BEE5 /* TaskModel.m in Sources */ = {isa = PBXBuildFile; fileRef = 446D8EFB1D3546C40006BEE5 /* TaskModel.m */; };
		446D8F021D354C7E0006BEE5 /* TaskViewCell.m in Sources */ = {isa = PBXBuildFile; fileRef = 446D8F011D354C7E0006BEE5 /* TaskViewCell.m */; };
		446D8F051D3564C40006BEE5 /* DetailViewController.m in Sources */ = {isa = PBXBuildFile; fileRef = 446D8F041D3564C40006BEE5 /* DetailViewController.m */; };
		446D8F111D359A3D0006BEE5 /* AddTaskViewController.m in Sources */ = {isa = PBXBuildFile; fileRef = 446D8F101D359A3D0006BEE5 /* AddTaskViewController.m */; };
/* End PBXBuildFile section */

/* Begin PBXContainerItemProxy section */
		446D8EEC1D35466D0006BEE5 /* PBXContainerItemProxy */ = {
			isa = PBXContainerItemProxy;
			containerPortal = 446D8ECA1D35466D0006BEE5 /* Project object */;
			proxyType = 1;
			remoteGlobalIDString = 446D8ED11D35466D0006BEE5;
			remoteInfo = ToDo;
		};
/* End PBXContainerItemProxy section */

/* Begin PBXFileReference section */
		446D8ED21D35466D0006BEE5 /* ToDo.app */ = {isa = PBXFileReference; explicitFileType = wrapper.application; includeInIndex = 0; path = ToDo.app; sourceTree = BUILT_PRODUCTS_DIR; };
		446D8ED61D35466D0006BEE5 /* main.m */ = {isa = PBXFileReference; lastKnownFileType = sourcecode.c.objc; path = main.m; sourceTree = "<group>"; };
		446D8ED81D35466D0006BEE5 /* AppDelegate.h */ = {isa = PBXFileReference; lastKnownFileType = sourcecode.c.h; path = AppDelegate.h; sourceTree = "<group>"; };
		446D8ED91D35466D0006BEE5 /* AppDelegate.m */ = {isa = PBXFileReference; lastKnownFileType = sourcecode.c.objc; path = AppDelegate.m; sourceTree = "<group>"; };
		446D8EDB1D35466D0006BEE5 /* ViewController.h */ = {isa = PBXFileReference; lastKnownFileType = sourcecode.c.h; path = ViewController.h; sourceTree = "<group>"; };
		446D8EDC1D35466D0006BEE5 /* ViewController.m */ = {isa = PBXFileReference; lastKnownFileType = sourcecode.c.objc; path = ViewController.m; sourceTree = "<group>"; };
		446D8EDF1D35466D0006BEE5 /* Base */ = {isa = PBXFileReference; lastKnownFileType = file.storyboard; name = Base; path = Base.lproj/Main.storyboard; sourceTree = "<group>"; };
		446D8EE11D35466D0006BEE5 /* Assets.xcassets */ = {isa = PBXFileReference; lastKnownFileType = folder.assetcatalog; path = Assets.xcassets; sourceTree = "<group>"; };
		446D8EE41D35466D0006BEE5 /* Base */ = {isa = PBXFileReference; lastKnownFileType = file.storyboard; name = Base; path = Base.lproj/LaunchScreen.storyboard; sourceTree = "<group>"; };
		446D8EE61D35466D0006BEE5 /* Info.plist */ = {isa = PBXFileReference; lastKnownFileType = text.plist.xml; path = Info.plist; sourceTree = "<group>"; };
		446D8EEB1D35466D0006BEE5 /* ToDoTests.xctest */ = {isa = PBXFileReference; explicitFileType = wrapper.cfbundle; includeInIndex = 0; path = ToDoTests.xctest; sourceTree = BUILT_PRODUCTS_DIR; };
		446D8EEF1D35466D0006BEE5 /* ToDoTests.m */ = {isa = PBXFileReference; lastKnownFileType = sourcecode.c.objc; path = ToDoTests.m; sourceTree = "<group>"; };
		446D8EF11D35466D0006BEE5 /* Info.plist */ = {isa = PBXFileReference; lastKnownFileType = text.plist.xml; path = Info.plist; sourceTree = "<group>"; };
		446D8EFA1D3546C40006BEE5 /* TaskModel.h */ = {isa = PBXFileReference; fileEncoding = 4; lastKnownFileType = sourcecode.c.h; path = TaskModel.h; sourceTree = "<group>"; };
		446D8EFB1D3546C40006BEE5 /* TaskModel.m */ = {isa = PBXFileReference; fileEncoding = 4; lastKnownFileType = sourcecode.c.objc; path = TaskModel.m; sourceTree = "<group>"; };
		446D8F001D354C7E0006BEE5 /* TaskViewCell.h */ = {isa = PBXFileReference; fileEncoding = 4; lastKnownFileType = sourcecode.c.h; path = TaskViewCell.h; sourceTree = "<group>"; };
		446D8F011D354C7E0006BEE5 /* TaskViewCell.m */ = {isa = PBXFileReference; fileEncoding = 4; lastKnownFileType = sourcecode.c.objc; path = TaskViewCell.m; sourceTree = "<group>"; };
		446D8F031D3564C40006BEE5 /* DetailViewController.h */ = {isa = PBXFileReference; fileEncoding = 4; lastKnownFileType = sourcecode.c.h; path = DetailViewController.h; sourceTree = "<group>"; };
		446D8F041D3564C40006BEE5 /* DetailViewController.m */ = {isa = PBXFileReference; fileEncoding = 4; lastKnownFileType = sourcecode.c.objc; path = DetailViewController.m; sourceTree = "<group>"; };
		446D8F0F1D359A3D0006BEE5 /* AddTaskViewController.h */ = {isa = PBXFileReference; fileEncoding = 4; lastKnownFileType = sourcecode.c.h; path = AddTaskViewController.h; sourceTree = "<group>"; };
		446D8F101D359A3D0006BEE5 /* AddTaskViewController.m */ = {isa = PBXFileReference; fileEncoding = 4; lastKnownFileType = sourcecode.c.objc; path = AddTaskViewController.m; sourceTree = "<group>"; };
/* End PBXFileReference section */

/* Begin PBXFrameworksBuildPhase section */
		446D8ECF1D35466D0006BEE5 /* Frameworks */ = {
			isa = PBXFrameworksBuildPhase;
			buildActionMask = 2147483647;
			files = (
			);
			runOnlyForDeploymentPostprocessing = 0;
		};
		446D8EE81D35466D0006BEE5 /* Frameworks */ = {
			isa = PBXFrameworksBuildPhase;
			buildActionMask = 2147483647;
			files = (
			);
			runOnlyForDeploymentPostprocessing = 0;
		};
/* End PBXFrameworksBuildPhase section */

/* Begin PBXGroup section */
		446D8EC91D35466D0006BEE5 = {
			isa = PBXGroup;
			children = (
				446D8ED41D35466D0006BEE5 /* ToDo */,
				446D8EEE1D35466D0006BEE5 /* ToDoTests */,
				446D8ED31D35466D0006BEE5 /* Products */,
			);
			sourceTree = "<group>";
		};
		446D8ED31D35466D0006BEE5 /* Products */ = {
			isa = PBXGroup;
			children = (
				446D8ED21D35466D0006BEE5 /* ToDo.app */,
				446D8EEB1D35466D0006BEE5 /* ToDoTests.xctest */,
			);
			name = Products;
			sourceTree = "<group>";
		};
		446D8ED41D35466D0006BEE5 /* ToDo */ = {
			isa = PBXGroup;
			children = (
				446D8ED81D35466D0006BEE5 /* AppDelegate.h */,
				446D8ED91D35466D0006BEE5 /* AppDelegate.m */,
				446D8EDB1D35466D0006BEE5 /* ViewController.h */,
				446D8EDC1D35466D0006BEE5 /* ViewController.m */,
				446D8EDE1D35466D0006BEE5 /* Main.storyboard */,
				446D8EE11D35466D0006BEE5 /* Assets.xcassets */,
				446D8EE31D35466D0006BEE5 /* LaunchScreen.storyboard */,
				446D8EE61D35466D0006BEE5 /* Info.plist */,
				446D8ED51D35466D0006BEE5 /* Supporting Files */,
				446D8EFA1D3546C40006BEE5 /* TaskModel.h */,
				446D8EFB1D3546C40006BEE5 /* TaskModel.m */,
				446D8F001D354C7E0006BEE5 /* TaskViewCell.h */,
				446D8F011D354C7E0006BEE5 /* TaskViewCell.m */,
				446D8F031D3564C40006BEE5 /* DetailViewController.h */,
				446D8F041D3564C40006BEE5 /* DetailViewController.m */,
				446D8F0F1D359A3D0006BEE5 /* AddTaskViewController.h */,
				446D8F101D359A3D0006BEE5 /* AddTaskViewController.m */,
			);
			path = ToDo;
			sourceTree = "<group>";
		};
		446D8ED51D35466D0006BEE5 /* Supporting Files */ = {
			isa = PBXGroup;
			children = (
				446D8ED61D35466D0006BEE5 /* main.m */,
			);
			name = "Supporting Files";
			sourceTree = "<group>";
		};
		446D8EEE1D35466D0006BEE5 /* ToDoTests */ = {
			isa = PBXGroup;
			children = (
				446D8EEF1D35466D0006BEE5 /* ToDoTests.m */,
				446D8EF11D35466D0006BEE5 /* Info.plist */,
			);
			path = ToDoTests;
			sourceTree = "<group>";
		};
/* End PBXGroup section */

/* Begin PBXNativeTarget section */
		446D8ED11D35466D0006BEE5 /* ToDo */ = {
			isa = PBXNativeTarget;
			buildConfigurationList = 446D8EF41D35466D0006BEE5 /* Build configuration list for PBXNativeTarget "ToDo" */;
			buildPhases = (
				446D8ECE1D35466D0006BEE5 /* Sources */,
				446D8ECF1D35466D0006BEE5 /* Frameworks */,
				446D8ED01D35466D0006BEE5 /* Resources */,
			);
			buildRules = (
			);
			dependencies = (
			);
			name = ToDo;
			productName = ToDo;
			productReference = 446D8ED21D35466D0006BEE5 /* ToDo.app */;
			productType = "com.apple.product-type.application";
		};
		446D8EEA1D35466D0006BEE5 /* ToDoTests */ = {
			isa = PBXNativeTarget;
			buildConfigurationList = 446D8EF71D35466D0006BEE5 /* Build configuration list for PBXNativeTarget "ToDoTests" */;
			buildPhases = (
				446D8EE71D35466D0006BEE5 /* Sources */,
				446D8EE81D35466D0006BEE5 /* Frameworks */,
				446D8EE91D35466D0006BEE5 /* Resources */,
			);
			buildRules = (
			);
			dependencies = (
				446D8EED1D35466D0006BEE5 /* PBXTargetDependency */,
			);
			name = ToDoTests;
			productName = ToDoTests;
			productReference = 446D8EEB1D35466D0006BEE5 /* ToDoTests.xctest */;
			productType = "com.apple.product-type.bundle.unit-test";
		};
/* End PBXNativeTarget section */

/* Begin PBXProject section */
		446D8ECA1D35466D0006BEE5 /* Project object */ = {
			isa = PBXProject;
			attributes = {
				LastUpgradeCheck = 0730;
				ORGANIZATIONNAME = "Yevhen Kim";
				TargetAttributes = {
					446D8ED11D35466D0006BEE5 = {
						CreatedOnToolsVersion = 7.3.1;
					};
					446D8EEA1D35466D0006BEE5 = {
						CreatedOnToolsVersion = 7.3.1;
						TestTargetID = 446D8ED11D35466D0006BEE5;
					};
				};
			};
			buildConfigurationList = 446D8ECD1D35466D0006BEE5 /* Build configuration list for PBXProject "ToDo" */;
			compatibilityVersion = "Xcode 3.2";
			developmentRegion = English;
			hasScannedForEncodings = 0;
			knownRegions = (
				en,
				Base,
			);
			mainGroup = 446D8EC91D35466D0006BEE5;
			productRefGroup = 446D8ED31D35466D0006BEE5 /* Products */;
			projectDirPath = "";
			projectRoot = "";
			targets = (
				446D8ED11D35466D0006BEE5 /* ToDo */,
				446D8EEA1D35466D0006BEE5 /* ToDoTests */,
			);
		};
/* End PBXProject section */

/* Begin PBXResourcesBuildPhase section */
		446D8ED01D35466D0006BEE5 /* Resources */ = {
			isa = PBXResourcesBuildPhase;
			buildActionMask = 2147483647;
			files = (
				446D8EE51D35466D0006BEE5 /* LaunchScreen.storyboard in Resources */,
				446D8EE21D35466D0006BEE5 /* Assets.xcassets in Resources */,
				446D8EE01D35466D0006BEE5 /* Main.storyboard in Resources */,
			);
			runOnlyForDeploymentPostprocessing = 0;
		};
		446D8EE91D35466D0006BEE5 /* Resources */ = {
			isa = PBXResourcesBuildPhase;
			buildActionMask = 2147483647;
			files = (
			);
			runOnlyForDeploymentPostprocessing = 0;
		};
/* End PBXResourcesBuildPhase section */

/* Begin PBXSourcesBuildPhase section */
		446D8ECE1D35466D0006BEE5 /* Sources */ = {
			isa = PBXSourcesBuildPhase;
			buildActionMask = 2147483647;
			files = (
				446D8F111D359A3D0006BEE5 /* AddTaskViewController.m in Sources */,
				446D8EDD1D35466D0006BEE5 /* ViewController.m in Sources */,
				446D8EDA1D35466D0006BEE5 /* AppDelegate.m in Sources */,
				446D8EFC1D3546C40006BEE5 /* TaskModel.m in Sources */,
				446D8F021D354C7E0006BEE5 /* TaskViewCell.m in Sources */,
				446D8ED71D35466D0006BEE5 /* main.m in Sources */,
				446D8F051D3564C40006BEE5 /* DetailViewController.m in Sources */,
			);
			runOnlyForDeploymentPostprocessing = 0;
		};
		446D8EE71D35466D0006BEE5 /* Sources */ = {
			isa = PBXSourcesBuildPhase;
			buildActionMask = 2147483647;
			files = (
				446D8EF01D35466D0006BEE5 /* ToDoTests.m in Sources */,
			);
			runOnlyForDeploymentPostprocessing = 0;
		};
/* End PBXSourcesBuildPhase section */

/* Begin PBXTargetDependency section */
		446D8EED1D35466D0006BEE5 /* PBXTargetDependency */ = {
			isa = PBXTargetDependency;
			target = 446D8ED11D35466D0006BEE5 /* ToDo */;
			targetProxy = 446D8EEC1D35466D0006BEE5 /* PBXContainerItemProxy */;
		};
/* End PBXTargetDependency section */

/* Begin PBXVariantGroup section */
		446D8EDE1D35466D0006BEE5 /* Main.storyboard */ = {
			isa = PBXVariantGroup;
			children = (
				446D8EDF1D35466D0006BEE5 /* Base */,
			);
			name = Main.storyboard;
			sourceTree = "<group>";
		};
		446D8EE31D35466D0006BEE5 /* LaunchScreen.storyboard */ = {
			isa = PBXVariantGroup;
			children = (
				446D8EE41D35466D0006BEE5 /* Base */,
			);
			name = LaunchScreen.storyboard;
			sourceTree = "<group>";
		};
/* End PBXVariantGroup section */

/* Begin XCBuildConfiguration section */
		446D8EF21D35466D0006BEE5 /* Debug */ = {
			isa = XCBuildConfiguration;
			buildSettings = {
				ALWAYS_SEARCH_USER_PATHS = NO;
				CLANG_ANALYZER_NONNULL = YES;
				CLANG_CXX_LANGUAGE_STANDARD = "gnu++0x";
				CLANG_CXX_LIBRARY = "libc++";
				CLANG_ENABLE_MODULES = YES;
				CLANG_ENABLE_OBJC_ARC = YES;
				CLANG_WARN_BOOL_CONVERSION = YES;
				CLANG_WARN_CONSTANT_CONVERSION = YES;
				CLANG_WARN_DIRECT_OBJC_ISA_USAGE = YES_ERROR;
				CLANG_WARN_EMPTY_BODY = YES;
				CLANG_WARN_ENUM_CONVERSION = YES;
				CLANG_WARN_INT_CONVERSION = YES;
				CLANG_WARN_OBJC_ROOT_CLASS = YES_ERROR;
				CLANG_WARN_UNREACHABLE_CODE = YES;
				CLANG_WARN__DUPLICATE_METHOD_MATCH = YES;
				"CODE_SIGN_IDENTITY[sdk=iphoneos*]" = "iPhone Developer";
				COPY_PHASE_STRIP = NO;
				DEBUG_INFORMATION_FORMAT = dwarf;
				ENABLE_STRICT_OBJC_MSGSEND = YES;
				ENABLE_TESTABILITY = YES;
				GCC_C_LANGUAGE_STANDARD = gnu99;
				GCC_DYNAMIC_NO_PIC = NO;
				GCC_NO_COMMON_BLOCKS = YES;
				GCC_OPTIMIZATION_LEVEL = 0;
				GCC_PREPROCESSOR_DEFINITIONS = (
					"DEBUG=1",
					"$(inherited)",
				);
				GCC_WARN_64_TO_32_BIT_CONVERSION = YES;
				GCC_WARN_ABOUT_RETURN_TYPE = YES_ERROR;
				GCC_WARN_UNDECLARED_SELECTOR = YES;
				GCC_WARN_UNINITIALIZED_AUTOS = YES_AGGRESSIVE;
				GCC_WARN_UNUSED_FUNCTION = YES;
				GCC_WARN_UNUSED_VARIABLE = YES;
				IPHONEOS_DEPLOYMENT_TARGET = 9.3;
				MTL_ENABLE_DEBUG_INFO = YES;
				ONLY_ACTIVE_ARCH = YES;
				SDKROOT = iphoneos;
			};
			name = Debug;
		};
		446D8EF31D35466D0006BEE5 /* Release */ = {
			isa = XCBuildConfiguration;
			buildSettings = {
				ALWAYS_SEARCH_USER_PATHS = NO;
				CLANG_ANALYZER_NONNULL = YES;
				CLANG_CXX_LANGUAGE_STANDARD = "gnu++0x";
				CLANG_CXX_LIBRARY = "libc++";
				CLANG_ENABLE_MODULES = YES;
				CLANG_ENABLE_OBJC_ARC = YES;
				CLANG_WARN_BOOL_CONVERSION = YES;
				CLANG_WARN_CONSTANT_CONVERSION = YES;
				CLANG_WARN_DIRECT_OBJC_ISA_USAGE = YES_ERROR;
				CLANG_WARN_EMPTY_BODY = YES;
				CLANG_WARN_ENUM_CONVERSION = YES;
				CLANG_WARN_INT_CONVERSION = YES;
				CLANG_WARN_OBJC_ROOT_CLASS = YES_ERROR;
				CLANG_WARN_UNREACHABLE_CODE = YES;
				CLANG_WARN__DUPLICATE_METHOD_MATCH = YES;
				"CODE_SIGN_IDENTITY[sdk=iphoneos*]" = "iPhone Developer";
				COPY_PHASE_STRIP = NO;
				DEBUG_INFORMATION_FORMAT = "dwarf-with-dsym";
				ENABLE_NS_ASSERTIONS = NO;
				ENABLE_STRICT_OBJC_MSGSEND = YES;
				GCC_C_LANGUAGE_STANDARD = gnu99;
				GCC_NO_COMMON_BLOCKS = YES;
				GCC_WARN_64_TO_32_BIT_CONVERSION = YES;
				GCC_WARN_ABOUT_RETURN_TYPE = YES_ERROR;
				GCC_WARN_UNDECLARED_SELECTOR = YES;
				GCC_WARN_UNINITIALIZED_AUTOS = YES_AGGRESSIVE;
				GCC_WARN_UNUSED_FUNCTION = YES;
				GCC_WARN_UNUSED_VARIABLE = YES;
				IPHONEOS_DEPLOYMENT_TARGET = 9.3;
				MTL_ENABLE_DEBUG_INFO = NO;
				SDKROOT = iphoneos;
				VALIDATE_PRODUCT = YES;
			};
			name = Release;
		};
		446D8EF51D35466D0006BEE5 /* Debug */ = {
			isa = XCBuildConfiguration;
			buildSettings = {
				ASSETCATALOG_COMPILER_APPICON_NAME = AppIcon;
				INFOPLIST_FILE = ToDo/Info.plist;
				LD_RUNPATH_SEARCH_PATHS = "$(inherited) @executable_path/Frameworks";
				PRODUCT_BUNDLE_IDENTIFIER = com.yevhenkim.ToDo;
				PRODUCT_NAME = "$(TARGET_NAME)";
			};
			name = Debug;
		};
		446D8EF61D35466D0006BEE5 /* Release */ = {
			isa = XCBuildConfiguration;
			buildSettings = {
				ASSETCATALOG_COMPILER_APPICON_NAME = AppIcon;
				INFOPLIST_FILE = ToDo/Info.plist;
				LD_RUNPATH_SEARCH_PATHS = "$(inherited) @executable_path/Frameworks";
				PRODUCT_BUNDLE_IDENTIFIER = com.yevhenkim.ToDo;
				PRODUCT_NAME = "$(TARGET_NAME)";
			};
			name = Release;
		};
		446D8EF81D35466D0006BEE5 /* Debug */ = {
			isa = XCBuildConfiguration;
			buildSettings = {
				BUNDLE_LOADER = "$(TEST_HOST)";
				INFOPLIST_FILE = ToDoTests/Info.plist;
				LD_RUNPATH_SEARCH_PATHS = "$(inherited) @executable_path/Frameworks @loader_path/Frameworks";
				PRODUCT_BUNDLE_IDENTIFIER = com.yevhenkim.ToDoTests;
				PRODUCT_NAME = "$(TARGET_NAME)";
				TEST_HOST = "$(BUILT_PRODUCTS_DIR)/ToDo.app/ToDo";
			};
			name = Debug;
		};
		446D8EF91D35466D0006BEE5 /* Release */ = {
			isa = XCBuildConfiguration;
			buildSettings = {
				BUNDLE_LOADER = "$(TEST_HOST)";
				INFOPLIST_FILE = ToDoTests/Info.plist;
				LD_RUNPATH_SEARCH_PATHS = "$(inherited) @executable_path/Frameworks @loader_path/Frameworks";
				PRODUCT_BUNDLE_IDENTIFIER = com.yevhenkim.ToDoTests;
				PRODUCT_NAME = "$(TARGET_NAME)";
				TEST_HOST = "$(BUILT_PRODUCTS_DIR)/ToDo.app/ToDo";
			};
			name = Release;
		};
/* End XCBuildConfiguration section */

/* Begin XCConfigurationList section */
		446D8ECD1D35466D0006BEE5 /* Build configuration list for PBXProject "ToDo" */ = {
			isa = XCConfigurationList;
			buildConfigurations = (
				446D8EF21D35466D0006BEE5 /* Debug */,
				446D8EF31D35466D0006BEE5 /* Release */,
			);
			defaultConfigurationIsVisible = 0;
			defaultConfigurationName = Release;
		};
		446D8EF41D35466D0006BEE5 /* Build configuration list for PBXNativeTarget "ToDo" */ = {
			isa = XCConfigurationList;
			buildConfigurations = (
				446D8EF51D35466D0006BEE5 /* Debug */,
				446D8EF61D35466D0006BEE5 /* Release */,
			);
			defaultConfigurationIsVisible = 0;
		};
		446D8EF71D35466D0006BEE5 /* Build configuration list for PBXNativeTarget "ToDoTests" */ = {
			isa = XCConfigurationList;
			buildConfigurations = (
				446D8EF81D35466D0006BEE5 /* Debug */,
				446D8EF91D35466D0006BEE5 /* Release */,
			);
			defaultConfigurationIsVisible = 0;
		};
/* End XCConfigurationList section */
	};
	rootObject = 446D8ECA1D35466D0006BEE5 /* Project object */;
}
