// !$*UTF8*$!
{
	archiveVersion = 1;
	classes = {
	};
	objectVersion = 46;
	objects = {

/* Begin PBXBuildFile section */
		446BA6081D3FCB0C00ABC30A /* main.m in Sources */ = {isa = PBXBuildFile; fileRef = 446BA6071D3FCB0C00ABC30A /* main.m */; };
		446BA60B1D3FCB0C00ABC30A /* AppDelegate.m in Sources */ = {isa = PBXBuildFile; fileRef = 446BA60A1D3FCB0C00ABC30A /* AppDelegate.m */; };
		446BA60E1D3FCB0C00ABC30A /* ToEveryDo.xcdatamodeld in Sources */ = {isa = PBXBuildFile; fileRef = 446BA60C1D3FCB0C00ABC30A /* ToEveryDo.xcdatamodeld */; };
		446BA6111D3FCB0C00ABC30A /* MasterViewController.m in Sources */ = {isa = PBXBuildFile; fileRef = 446BA6101D3FCB0C00ABC30A /* MasterViewController.m */; };
		446BA6141D3FCB0C00ABC30A /* DetailViewController.m in Sources */ = {isa = PBXBuildFile; fileRef = 446BA6131D3FCB0C00ABC30A /* DetailViewController.m */; };
		446BA6171D3FCB0D00ABC30A /* Main.storyboard in Resources */ = {isa = PBXBuildFile; fileRef = 446BA6151D3FCB0D00ABC30A /* Main.storyboard */; };
		446BA6191D3FCB0D00ABC30A /* Assets.xcassets in Resources */ = {isa = PBXBuildFile; fileRef = 446BA6181D3FCB0D00ABC30A /* Assets.xcassets */; };
		446BA61C1D3FCB0D00ABC30A /* LaunchScreen.storyboard in Resources */ = {isa = PBXBuildFile; fileRef = 446BA61A1D3FCB0D00ABC30A /* LaunchScreen.storyboard */; };
		446BA6271D3FCB0D00ABC30A /* ToEveryDoTests.m in Sources */ = {isa = PBXBuildFile; fileRef = 446BA6261D3FCB0D00ABC30A /* ToEveryDoTests.m */; };
		446BA6371D3FE4A000ABC30A /* AddTaskViewController.m in Sources */ = {isa = PBXBuildFile; fileRef = 446BA6361D3FE4A000ABC30A /* AddTaskViewController.m */; };
		446BA63C1D3FE69F00ABC30A /* Task+CoreDataProperties.m in Sources */ = {isa = PBXBuildFile; fileRef = 446BA6391D3FE69F00ABC30A /* Task+CoreDataProperties.m */; };
		446BA63D1D3FE69F00ABC30A /* Task.m in Sources */ = {isa = PBXBuildFile; fileRef = 446BA63B1D3FE69F00ABC30A /* Task.m */; };
/* End PBXBuildFile section */

/* Begin PBXContainerItemProxy section */
		446BA6231D3FCB0D00ABC30A /* PBXContainerItemProxy */ = {
			isa = PBXContainerItemProxy;
			containerPortal = 446BA5FB1D3FCB0C00ABC30A /* Project object */;
			proxyType = 1;
			remoteGlobalIDString = 446BA6021D3FCB0C00ABC30A;
			remoteInfo = ToEveryDo;
		};
/* End PBXContainerItemProxy section */

/* Begin PBXFileReference section */
		446BA6031D3FCB0C00ABC30A /* ToEveryDo.app */ = {isa = PBXFileReference; explicitFileType = wrapper.application; includeInIndex = 0; path = ToEveryDo.app; sourceTree = BUILT_PRODUCTS_DIR; };
		446BA6071D3FCB0C00ABC30A /* main.m */ = {isa = PBXFileReference; lastKnownFileType = sourcecode.c.objc; path = main.m; sourceTree = "<group>"; };
		446BA6091D3FCB0C00ABC30A /* AppDelegate.h */ = {isa = PBXFileReference; lastKnownFileType = sourcecode.c.h; path = AppDelegate.h; sourceTree = "<group>"; };
		446BA60A1D3FCB0C00ABC30A /* AppDelegate.m */ = {isa = PBXFileReference; lastKnownFileType = sourcecode.c.objc; path = AppDelegate.m; sourceTree = "<group>"; };
		446BA60D1D3FCB0C00ABC30A /* ToEveryDo.xcdatamodel */ = {isa = PBXFileReference; lastKnownFileType = wrapper.xcdatamodel; path = ToEveryDo.xcdatamodel; sourceTree = "<group>"; };
		446BA60F1D3FCB0C00ABC30A /* MasterViewController.h */ = {isa = PBXFileReference; lastKnownFileType = sourcecode.c.h; path = MasterViewController.h; sourceTree = "<group>"; };
		446BA6101D3FCB0C00ABC30A /* MasterViewController.m */ = {isa = PBXFileReference; lastKnownFileType = sourcecode.c.objc; path = MasterViewController.m; sourceTree = "<group>"; };
		446BA6121D3FCB0C00ABC30A /* DetailViewController.h */ = {isa = PBXFileReference; lastKnownFileType = sourcecode.c.h; path = DetailViewController.h; sourceTree = "<group>"; };
		446BA6131D3FCB0C00ABC30A /* DetailViewController.m */ = {isa = PBXFileReference; lastKnownFileType = sourcecode.c.objc; path = DetailViewController.m; sourceTree = "<group>"; };
		446BA6161D3FCB0D00ABC30A /* Base */ = {isa = PBXFileReference; lastKnownFileType = file.storyboard; name = Base; path = Base.lproj/Main.storyboard; sourceTree = "<group>"; };
		446BA6181D3FCB0D00ABC30A /* Assets.xcassets */ = {isa = PBXFileReference; lastKnownFileType = folder.assetcatalog; path = Assets.xcassets; sourceTree = "<group>"; };
		446BA61B1D3FCB0D00ABC30A /* Base */ = {isa = PBXFileReference; lastKnownFileType = file.storyboard; name = Base; path = Base.lproj/LaunchScreen.storyboard; sourceTree = "<group>"; };
		446BA61D1D3FCB0D00ABC30A /* Info.plist */ = {isa = PBXFileReference; lastKnownFileType = text.plist.xml; path = Info.plist; sourceTree = "<group>"; };
		446BA6221D3FCB0D00ABC30A /* ToEveryDoTests.xctest */ = {isa = PBXFileReference; explicitFileType = wrapper.cfbundle; includeInIndex = 0; path = ToEveryDoTests.xctest; sourceTree = BUILT_PRODUCTS_DIR; };
		446BA6261D3FCB0D00ABC30A /* ToEveryDoTests.m */ = {isa = PBXFileReference; lastKnownFileType = sourcecode.c.objc; path = ToEveryDoTests.m; sourceTree = "<group>"; };
		446BA6281D3FCB0D00ABC30A /* Info.plist */ = {isa = PBXFileReference; lastKnownFileType = text.plist.xml; path = Info.plist; sourceTree = "<group>"; };
		446BA6351D3FE4A000ABC30A /* AddTaskViewController.h */ = {isa = PBXFileReference; fileEncoding = 4; lastKnownFileType = sourcecode.c.h; path = AddTaskViewController.h; sourceTree = "<group>"; };
		446BA6361D3FE4A000ABC30A /* AddTaskViewController.m */ = {isa = PBXFileReference; fileEncoding = 4; lastKnownFileType = sourcecode.c.objc; path = AddTaskViewController.m; sourceTree = "<group>"; };
		446BA6381D3FE69F00ABC30A /* Task+CoreDataProperties.h */ = {isa = PBXFileReference; fileEncoding = 4; lastKnownFileType = sourcecode.c.h; name = "Task+CoreDataProperties.h"; path = "ToEveryDo/Task+CoreDataProperties.h"; sourceTree = "<group>"; };
		446BA6391D3FE69F00ABC30A /* Task+CoreDataProperties.m */ = {isa = PBXFileReference; fileEncoding = 4; lastKnownFileType = sourcecode.c.objc; name = "Task+CoreDataProperties.m"; path = "ToEveryDo/Task+CoreDataProperties.m"; sourceTree = "<group>"; };
		446BA63A1D3FE69F00ABC30A /* Task.h */ = {isa = PBXFileReference; fileEncoding = 4; lastKnownFileType = sourcecode.c.h; name = Task.h; path = ToEveryDo/Task.h; sourceTree = "<group>"; };
		446BA63B1D3FE69F00ABC30A /* Task.m */ = {isa = PBXFileReference; fileEncoding = 4; lastKnownFileType = sourcecode.c.objc; name = Task.m; path = ToEveryDo/Task.m; sourceTree = "<group>"; };
/* End PBXFileReference section */

/* Begin PBXFrameworksBuildPhase section */
		446BA6001D3FCB0C00ABC30A /* Frameworks */ = {
			isa = PBXFrameworksBuildPhase;
			buildActionMask = 2147483647;
			files = (
			);
			runOnlyForDeploymentPostprocessing = 0;
		};
		446BA61F1D3FCB0D00ABC30A /* Frameworks */ = {
			isa = PBXFrameworksBuildPhase;
			buildActionMask = 2147483647;
			files = (
			);
			runOnlyForDeploymentPostprocessing = 0;
		};
/* End PBXFrameworksBuildPhase section */

/* Begin PBXGroup section */
		446BA5FA1D3FCB0C00ABC30A = {
			isa = PBXGroup;
			children = (
				446BA6051D3FCB0C00ABC30A /* ToEveryDo */,
				446BA6251D3FCB0D00ABC30A /* ToEveryDoTests */,
				446BA6041D3FCB0C00ABC30A /* Products */,
			);
			sourceTree = "<group>";
		};
		446BA6041D3FCB0C00ABC30A /* Products */ = {
			isa = PBXGroup;
			children = (
				446BA6031D3FCB0C00ABC30A /* ToEveryDo.app */,
				446BA6221D3FCB0D00ABC30A /* ToEveryDoTests.xctest */,
			);
			name = Products;
			sourceTree = "<group>";
		};
		446BA6051D3FCB0C00ABC30A /* ToEveryDo */ = {
			isa = PBXGroup;
			children = (
				446BA6311D3FCB2300ABC30A /* Delegate */,
				446BA6321D3FCB3500ABC30A /* Controllers */,
				446BA6341D3FCB7500ABC30A /* CoreData */,
				446BA6331D3FCB5E00ABC30A /* Stroryboard */,
				446BA6061D3FCB0C00ABC30A /* Supporting Files */,
			);
			path = ToEveryDo;
			sourceTree = "<group>";
		};
		446BA6061D3FCB0C00ABC30A /* Supporting Files */ = {
			isa = PBXGroup;
			children = (
				446BA61D1D3FCB0D00ABC30A /* Info.plist */,
				446BA6181D3FCB0D00ABC30A /* Assets.xcassets */,
				446BA6071D3FCB0C00ABC30A /* main.m */,
			);
			name = "Supporting Files";
			sourceTree = "<group>";
		};
		446BA6251D3FCB0D00ABC30A /* ToEveryDoTests */ = {
			isa = PBXGroup;
			children = (
				446BA6261D3FCB0D00ABC30A /* ToEveryDoTests.m */,
				446BA6281D3FCB0D00ABC30A /* Info.plist */,
			);
			path = ToEveryDoTests;
			sourceTree = "<group>";
		};
		446BA6311D3FCB2300ABC30A /* Delegate */ = {
			isa = PBXGroup;
			children = (
				446BA6091D3FCB0C00ABC30A /* AppDelegate.h */,
				446BA60A1D3FCB0C00ABC30A /* AppDelegate.m */,
			);
			name = Delegate;
			sourceTree = "<group>";
		};
		446BA6321D3FCB3500ABC30A /* Controllers */ = {
			isa = PBXGroup;
			children = (
				446BA60F1D3FCB0C00ABC30A /* MasterViewController.h */,
				446BA6101D3FCB0C00ABC30A /* MasterViewController.m */,
				446BA6121D3FCB0C00ABC30A /* DetailViewController.h */,
				446BA6131D3FCB0C00ABC30A /* DetailViewController.m */,
				446BA6351D3FE4A000ABC30A /* AddTaskViewController.h */,
				446BA6361D3FE4A000ABC30A /* AddTaskViewController.m */,
			);
			name = Controllers;
			sourceTree = "<group>";
		};
		446BA6331D3FCB5E00ABC30A /* Stroryboard */ = {
			isa = PBXGroup;
			children = (
				446BA6151D3FCB0D00ABC30A /* Main.storyboard */,
				446BA61A1D3FCB0D00ABC30A /* LaunchScreen.storyboard */,
			);
			name = Stroryboard;
			sourceTree = "<group>";
		};
		446BA6341D3FCB7500ABC30A /* CoreData */ = {
			isa = PBXGroup;
			children = (
				446BA60C1D3FCB0C00ABC30A /* ToEveryDo.xcdatamodeld */,
				446BA63E1D3FE6B500ABC30A /* Model */,
			);
			name = CoreData;
			sourceTree = "<group>";
		};
		446BA63E1D3FE6B500ABC30A /* Model */ = {
			isa = PBXGroup;
			children = (
				446BA6381D3FE69F00ABC30A /* Task+CoreDataProperties.h */,
				446BA6391D3FE69F00ABC30A /* Task+CoreDataProperties.m */,
				446BA63A1D3FE69F00ABC30A /* Task.h */,
				446BA63B1D3FE69F00ABC30A /* Task.m */,
			);
			name = Model;
			path = ..;
			sourceTree = "<group>";
		};
/* End PBXGroup section */

/* Begin PBXNativeTarget section */
		446BA6021D3FCB0C00ABC30A /* ToEveryDo */ = {
			isa = PBXNativeTarget;
			buildConfigurationList = 446BA62B1D3FCB0D00ABC30A /* Build configuration list for PBXNativeTarget "ToEveryDo" */;
			buildPhases = (
				446BA5FF1D3FCB0C00ABC30A /* Sources */,
				446BA6001D3FCB0C00ABC30A /* Frameworks */,
				446BA6011D3FCB0C00ABC30A /* Resources */,
			);
			buildRules = (
			);
			dependencies = (
			);
			name = ToEveryDo;
			productName = ToEveryDo;
			productReference = 446BA6031D3FCB0C00ABC30A /* ToEveryDo.app */;
			productType = "com.apple.product-type.application";
		};
		446BA6211D3FCB0D00ABC30A /* ToEveryDoTests */ = {
			isa = PBXNativeTarget;
			buildConfigurationList = 446BA62E1D3FCB0D00ABC30A /* Build configuration list for PBXNativeTarget "ToEveryDoTests" */;
			buildPhases = (
				446BA61E1D3FCB0D00ABC30A /* Sources */,
				446BA61F1D3FCB0D00ABC30A /* Frameworks */,
				446BA6201D3FCB0D00ABC30A /* Resources */,
			);
			buildRules = (
			);
			dependencies = (
				446BA6241D3FCB0D00ABC30A /* PBXTargetDependency */,
			);
			name = ToEveryDoTests;
			productName = ToEveryDoTests;
			productReference = 446BA6221D3FCB0D00ABC30A /* ToEveryDoTests.xctest */;
			productType = "com.apple.product-type.bundle.unit-test";
		};
/* End PBXNativeTarget section */

/* Begin PBXProject section */
		446BA5FB1D3FCB0C00ABC30A /* Project object */ = {
			isa = PBXProject;
			attributes = {
				LastUpgradeCheck = 0730;
				ORGANIZATIONNAME = "Yevhen Kim";
				TargetAttributes = {
					446BA6021D3FCB0C00ABC30A = {
						CreatedOnToolsVersion = 7.3.1;
					};
					446BA6211D3FCB0D00ABC30A = {
						CreatedOnToolsVersion = 7.3.1;
						TestTargetID = 446BA6021D3FCB0C00ABC30A;
					};
				};
			};
			buildConfigurationList = 446BA5FE1D3FCB0C00ABC30A /* Build configuration list for PBXProject "ToEveryDo" */;
			compatibilityVersion = "Xcode 3.2";
			developmentRegion = English;
			hasScannedForEncodings = 0;
			knownRegions = (
				en,
				Base,
			);
			mainGroup = 446BA5FA1D3FCB0C00ABC30A;
			productRefGroup = 446BA6041D3FCB0C00ABC30A /* Products */;
			projectDirPath = "";
			projectRoot = "";
			targets = (
				446BA6021D3FCB0C00ABC30A /* ToEveryDo */,
				446BA6211D3FCB0D00ABC30A /* ToEveryDoTests */,
			);
		};
/* End PBXProject section */

/* Begin PBXResourcesBuildPhase section */
		446BA6011D3FCB0C00ABC30A /* Resources */ = {
			isa = PBXResourcesBuildPhase;
			buildActionMask = 2147483647;
			files = (
				446BA61C1D3FCB0D00ABC30A /* LaunchScreen.storyboard in Resources */,
				446BA6191D3FCB0D00ABC30A /* Assets.xcassets in Resources */,
				446BA6171D3FCB0D00ABC30A /* Main.storyboard in Resources */,
			);
			runOnlyForDeploymentPostprocessing = 0;
		};
		446BA6201D3FCB0D00ABC30A /* Resources */ = {
			isa = PBXResourcesBuildPhase;
			buildActionMask = 2147483647;
			files = (
			);
			runOnlyForDeploymentPostprocessing = 0;
		};
/* End PBXResourcesBuildPhase section */

/* Begin PBXSourcesBuildPhase section */
		446BA5FF1D3FCB0C00ABC30A /* Sources */ = {
			isa = PBXSourcesBuildPhase;
			buildActionMask = 2147483647;
			files = (
				446BA6141D3FCB0C00ABC30A /* DetailViewController.m in Sources */,
				446BA6371D3FE4A000ABC30A /* AddTaskViewController.m in Sources */,
				446BA63C1D3FE69F00ABC30A /* Task+CoreDataProperties.m in Sources */,
				446BA6111D3FCB0C00ABC30A /* MasterViewController.m in Sources */,
				446BA63D1D3FE69F00ABC30A /* Task.m in Sources */,
				446BA60B1D3FCB0C00ABC30A /* AppDelegate.m in Sources */,
				446BA6081D3FCB0C00ABC30A /* main.m in Sources */,
				446BA60E1D3FCB0C00ABC30A /* ToEveryDo.xcdatamodeld in Sources */,
			);
			runOnlyForDeploymentPostprocessing = 0;
		};
		446BA61E1D3FCB0D00ABC30A /* Sources */ = {
			isa = PBXSourcesBuildPhase;
			buildActionMask = 2147483647;
			files = (
				446BA6271D3FCB0D00ABC30A /* ToEveryDoTests.m in Sources */,
			);
			runOnlyForDeploymentPostprocessing = 0;
		};
/* End PBXSourcesBuildPhase section */

/* Begin PBXTargetDependency section */
		446BA6241D3FCB0D00ABC30A /* PBXTargetDependency */ = {
			isa = PBXTargetDependency;
			target = 446BA6021D3FCB0C00ABC30A /* ToEveryDo */;
			targetProxy = 446BA6231D3FCB0D00ABC30A /* PBXContainerItemProxy */;
		};
/* End PBXTargetDependency section */

/* Begin PBXVariantGroup section */
		446BA6151D3FCB0D00ABC30A /* Main.storyboard */ = {
			isa = PBXVariantGroup;
			children = (
				446BA6161D3FCB0D00ABC30A /* Base */,
			);
			name = Main.storyboard;
			sourceTree = "<group>";
		};
		446BA61A1D3FCB0D00ABC30A /* LaunchScreen.storyboard */ = {
			isa = PBXVariantGroup;
			children = (
				446BA61B1D3FCB0D00ABC30A /* Base */,
			);
			name = LaunchScreen.storyboard;
			sourceTree = "<group>";
		};
/* End PBXVariantGroup section */

/* Begin XCBuildConfiguration section */
		446BA6291D3FCB0D00ABC30A /* Debug */ = {
			isa = XCBuildConfiguration;
			buildSettings = {
				ALWAYS_SEARCH_USER_PATHS = NO;
				CLANG_ANALYZER_NONNULL = YES;
				CLANG_CXX_LANGUAGE_STANDARD = "gnu++0x";
				CLANG_CXX_LIBRARY = "libc++";
				CLANG_ENABLE_MODULES = YES;
				CLANG_ENABLE_OBJC_ARC = YES;
				CLANG_WARN_BOOL_CONVERSION = YES;
				CLANG_WARN_CONSTANT_CONVERSION = YES;
				CLANG_WARN_DIRECT_OBJC_ISA_USAGE = YES_ERROR;
				CLANG_WARN_EMPTY_BODY = YES;
				CLANG_WARN_ENUM_CONVERSION = YES;
				CLANG_WARN_INT_CONVERSION = YES;
				CLANG_WARN_OBJC_ROOT_CLASS = YES_ERROR;
				CLANG_WARN_UNREACHABLE_CODE = YES;
				CLANG_WARN__DUPLICATE_METHOD_MATCH = YES;
				"CODE_SIGN_IDENTITY[sdk=iphoneos*]" = "iPhone Developer";
				COPY_PHASE_STRIP = NO;
				DEBUG_INFORMATION_FORMAT = dwarf;
				ENABLE_STRICT_OBJC_MSGSEND = YES;
				ENABLE_TESTABILITY = YES;
				GCC_C_LANGUAGE_STANDARD = gnu99;
				GCC_DYNAMIC_NO_PIC = NO;
				GCC_NO_COMMON_BLOCKS = YES;
				GCC_OPTIMIZATION_LEVEL = 0;
				GCC_PREPROCESSOR_DEFINITIONS = (
					"DEBUG=1",
					"$(inherited)",
				);
				GCC_WARN_64_TO_32_BIT_CONVERSION = YES;
				GCC_WARN_ABOUT_RETURN_TYPE = YES_ERROR;
				GCC_WARN_UNDECLARED_SELECTOR = YES;
				GCC_WARN_UNINITIALIZED_AUTOS = YES_AGGRESSIVE;
				GCC_WARN_UNUSED_FUNCTION = YES;
				GCC_WARN_UNUSED_VARIABLE = YES;
				IPHONEOS_DEPLOYMENT_TARGET = 9.3;
				MTL_ENABLE_DEBUG_INFO = YES;
				ONLY_ACTIVE_ARCH = YES;
				SDKROOT = iphoneos;
			};
			name = Debug;
		};
		446BA62A1D3FCB0D00ABC30A /* Release */ = {
			isa = XCBuildConfiguration;
			buildSettings = {
				ALWAYS_SEARCH_USER_PATHS = NO;
				CLANG_ANALYZER_NONNULL = YES;
				CLANG_CXX_LANGUAGE_STANDARD = "gnu++0x";
				CLANG_CXX_LIBRARY = "libc++";
				CLANG_ENABLE_MODULES = YES;
				CLANG_ENABLE_OBJC_ARC = YES;
				CLANG_WARN_BOOL_CONVERSION = YES;
				CLANG_WARN_CONSTANT_CONVERSION = YES;
				CLANG_WARN_DIRECT_OBJC_ISA_USAGE = YES_ERROR;
				CLANG_WARN_EMPTY_BODY = YES;
				CLANG_WARN_ENUM_CONVERSION = YES;
				CLANG_WARN_INT_CONVERSION = YES;
				CLANG_WARN_OBJC_ROOT_CLASS = YES_ERROR;
				CLANG_WARN_UNREACHABLE_CODE = YES;
				CLANG_WARN__DUPLICATE_METHOD_MATCH = YES;
				"CODE_SIGN_IDENTITY[sdk=iphoneos*]" = "iPhone Developer";
				COPY_PHASE_STRIP = NO;
				DEBUG_INFORMATION_FORMAT = "dwarf-with-dsym";
				ENABLE_NS_ASSERTIONS = NO;
				ENABLE_STRICT_OBJC_MSGSEND = YES;
				GCC_C_LANGUAGE_STANDARD = gnu99;
				GCC_NO_COMMON_BLOCKS = YES;
				GCC_WARN_64_TO_32_BIT_CONVERSION = YES;
				GCC_WARN_ABOUT_RETURN_TYPE = YES_ERROR;
				GCC_WARN_UNDECLARED_SELECTOR = YES;
				GCC_WARN_UNINITIALIZED_AUTOS = YES_AGGRESSIVE;
				GCC_WARN_UNUSED_FUNCTION = YES;
				GCC_WARN_UNUSED_VARIABLE = YES;
				IPHONEOS_DEPLOYMENT_TARGET = 9.3;
				MTL_ENABLE_DEBUG_INFO = NO;
				SDKROOT = iphoneos;
				VALIDATE_PRODUCT = YES;
			};
			name = Release;
		};
		446BA62C1D3FCB0D00ABC30A /* Debug */ = {
			isa = XCBuildConfiguration;
			buildSettings = {
				ASSETCATALOG_COMPILER_APPICON_NAME = AppIcon;
				INFOPLIST_FILE = ToEveryDo/Info.plist;
				LD_RUNPATH_SEARCH_PATHS = "$(inherited) @executable_path/Frameworks";
				PRODUCT_BUNDLE_IDENTIFIER = com.yevhenkim.ToEveryDo;
				PRODUCT_NAME = "$(TARGET_NAME)";
			};
			name = Debug;
		};
		446BA62D1D3FCB0D00ABC30A /* Release */ = {
			isa = XCBuildConfiguration;
			buildSettings = {
				ASSETCATALOG_COMPILER_APPICON_NAME = AppIcon;
				INFOPLIST_FILE = ToEveryDo/Info.plist;
				LD_RUNPATH_SEARCH_PATHS = "$(inherited) @executable_path/Frameworks";
				PRODUCT_BUNDLE_IDENTIFIER = com.yevhenkim.ToEveryDo;
				PRODUCT_NAME = "$(TARGET_NAME)";
			};
			name = Release;
		};
		446BA62F1D3FCB0D00ABC30A /* Debug */ = {
			isa = XCBuildConfiguration;
			buildSettings = {
				BUNDLE_LOADER = "$(TEST_HOST)";
				INFOPLIST_FILE = ToEveryDoTests/Info.plist;
				LD_RUNPATH_SEARCH_PATHS = "$(inherited) @executable_path/Frameworks @loader_path/Frameworks";
				PRODUCT_BUNDLE_IDENTIFIER = com.yevhenkim.ToEveryDoTests;
				PRODUCT_NAME = "$(TARGET_NAME)";
				TEST_HOST = "$(BUILT_PRODUCTS_DIR)/ToEveryDo.app/ToEveryDo";
			};
			name = Debug;
		};
		446BA6301D3FCB0D00ABC30A /* Release */ = {
			isa = XCBuildConfiguration;
			buildSettings = {
				BUNDLE_LOADER = "$(TEST_HOST)";
				INFOPLIST_FILE = ToEveryDoTests/Info.plist;
				LD_RUNPATH_SEARCH_PATHS = "$(inherited) @executable_path/Frameworks @loader_path/Frameworks";
				PRODUCT_BUNDLE_IDENTIFIER = com.yevhenkim.ToEveryDoTests;
				PRODUCT_NAME = "$(TARGET_NAME)";
				TEST_HOST = "$(BUILT_PRODUCTS_DIR)/ToEveryDo.app/ToEveryDo";
			};
			name = Release;
		};
/* End XCBuildConfiguration section */

/* Begin XCConfigurationList section */
		446BA5FE1D3FCB0C00ABC30A /* Build configuration list for PBXProject "ToEveryDo" */ = {
			isa = XCConfigurationList;
			buildConfigurations = (
				446BA6291D3FCB0D00ABC30A /* Debug */,
				446BA62A1D3FCB0D00ABC30A /* Release */,
			);
			defaultConfigurationIsVisible = 0;
			defaultConfigurationName = Release;
		};
		446BA62B1D3FCB0D00ABC30A /* Build configuration list for PBXNativeTarget "ToEveryDo" */ = {
			isa = XCConfigurationList;
			buildConfigurations = (
				446BA62C1D3FCB0D00ABC30A /* Debug */,
				446BA62D1D3FCB0D00ABC30A /* Release */,
			);
			defaultConfigurationIsVisible = 0;
		};
		446BA62E1D3FCB0D00ABC30A /* Build configuration list for PBXNativeTarget "ToEveryDoTests" */ = {
			isa = XCConfigurationList;
			buildConfigurations = (
				446BA62F1D3FCB0D00ABC30A /* Debug */,
				446BA6301D3FCB0D00ABC30A /* Release */,
			);
			defaultConfigurationIsVisible = 0;
		};
/* End XCConfigurationList section */

/* Begin XCVersionGroup section */
		446BA60C1D3FCB0C00ABC30A /* ToEveryDo.xcdatamodeld */ = {
			isa = XCVersionGroup;
			children = (
				446BA60D1D3FCB0C00ABC30A /* ToEveryDo.xcdatamodel */,
			);
			currentVersion = 446BA60D1D3FCB0C00ABC30A /* ToEveryDo.xcdatamodel */;
			path = ToEveryDo.xcdatamodeld;
			sourceTree = "<group>";
			versionGroupType = wrapper.xcdatamodel;
		};
/* End XCVersionGroup section */
	};
	rootObject = 446BA5FB1D3FCB0C00ABC30A /* Project object */;
}
