// !$*UTF8*$!
{
	archiveVersion = 1;
	classes = {
	};
	objectVersion = 46;
	objects = {

/* Begin PBXBuildFile section */
		446D8DB61D33EA500006BEE5 /* main.m in Sources */ = {isa = PBXBuildFile; fileRef = 446D8DB51D33EA500006BEE5 /* main.m */; };
		446D8DB91D33EA500006BEE5 /* AppDelegate.m in Sources */ = {isa = PBXBuildFile; fileRef = 446D8DB81D33EA500006BEE5 /* AppDelegate.m */; };
		446D8DBC1D33EA500006BEE5 /* ViewController.m in Sources */ = {isa = PBXBuildFile; fileRef = 446D8DBB1D33EA500006BEE5 /* ViewController.m */; };
		446D8DBF1D33EA500006BEE5 /* Main.storyboard in Resources */ = {isa = PBXBuildFile; fileRef = 446D8DBD1D33EA500006BEE5 /* Main.storyboard */; };
		446D8DC11D33EA500006BEE5 /* Assets.xcassets in Resources */ = {isa = PBXBuildFile; fileRef = 446D8DC01D33EA500006BEE5 /* Assets.xcassets */; };
		446D8DC41D33EA500006BEE5 /* LaunchScreen.storyboard in Resources */ = {isa = PBXBuildFile; fileRef = 446D8DC21D33EA500006BEE5 /* LaunchScreen.storyboard */; };
		446D8DCF1D33EA500006BEE5 /* ScrollViewImageGalleriesTests.m in Sources */ = {isa = PBXBuildFile; fileRef = 446D8DCE1D33EA500006BEE5 /* ScrollViewImageGalleriesTests.m */; };
		446D8DDB1D3413490006BEE5 /* ImageDetailViewController.m in Sources */ = {isa = PBXBuildFile; fileRef = 446D8DDA1D3413490006BEE5 /* ImageDetailViewController.m */; };
/* End PBXBuildFile section */

/* Begin PBXContainerItemProxy section */
		446D8DCB1D33EA500006BEE5 /* PBXContainerItemProxy */ = {
			isa = PBXContainerItemProxy;
			containerPortal = 446D8DA91D33EA500006BEE5 /* Project object */;
			proxyType = 1;
			remoteGlobalIDString = 446D8DB01D33EA500006BEE5;
			remoteInfo = ScrollViewImageGalleries;
		};
/* End PBXContainerItemProxy section */

/* Begin PBXFileReference section */
		446D8DB11D33EA500006BEE5 /* ScrollViewImageGalleries.app */ = {isa = PBXFileReference; explicitFileType = wrapper.application; includeInIndex = 0; path = ScrollViewImageGalleries.app; sourceTree = BUILT_PRODUCTS_DIR; };
		446D8DB51D33EA500006BEE5 /* main.m */ = {isa = PBXFileReference; lastKnownFileType = sourcecode.c.objc; path = main.m; sourceTree = "<group>"; };
		446D8DB71D33EA500006BEE5 /* AppDelegate.h */ = {isa = PBXFileReference; lastKnownFileType = sourcecode.c.h; path = AppDelegate.h; sourceTree = "<group>"; };
		446D8DB81D33EA500006BEE5 /* AppDelegate.m */ = {isa = PBXFileReference; lastKnownFileType = sourcecode.c.objc; path = AppDelegate.m; sourceTree = "<group>"; };
		446D8DBA1D33EA500006BEE5 /* ViewController.h */ = {isa = PBXFileReference; lastKnownFileType = sourcecode.c.h; path = ViewController.h; sourceTree = "<group>"; };
		446D8DBB1D33EA500006BEE5 /* ViewController.m */ = {isa = PBXFileReference; lastKnownFileType = sourcecode.c.objc; path = ViewController.m; sourceTree = "<group>"; };
		446D8DBE1D33EA500006BEE5 /* Base */ = {isa = PBXFileReference; lastKnownFileType = file.storyboard; name = Base; path = Base.lproj/Main.storyboard; sourceTree = "<group>"; };
		446D8DC01D33EA500006BEE5 /* Assets.xcassets */ = {isa = PBXFileReference; lastKnownFileType = folder.assetcatalog; path = Assets.xcassets; sourceTree = "<group>"; };
		446D8DC31D33EA500006BEE5 /* Base */ = {isa = PBXFileReference; lastKnownFileType = file.storyboard; name = Base; path = Base.lproj/LaunchScreen.storyboard; sourceTree = "<group>"; };
		446D8DC51D33EA500006BEE5 /* Info.plist */ = {isa = PBXFileReference; lastKnownFileType = text.plist.xml; path = Info.plist; sourceTree = "<group>"; };
		446D8DCA1D33EA500006BEE5 /* ScrollViewImageGalleriesTests.xctest */ = {isa = PBXFileReference; explicitFileType = wrapper.cfbundle; includeInIndex = 0; path = ScrollViewImageGalleriesTests.xctest; sourceTree = BUILT_PRODUCTS_DIR; };
		446D8DCE1D33EA500006BEE5 /* ScrollViewImageGalleriesTests.m */ = {isa = PBXFileReference; lastKnownFileType = sourcecode.c.objc; path = ScrollViewImageGalleriesTests.m; sourceTree = "<group>"; };
		446D8DD01D33EA500006BEE5 /* Info.plist */ = {isa = PBXFileReference; lastKnownFileType = text.plist.xml; path = Info.plist; sourceTree = "<group>"; };
		446D8DD91D3413490006BEE5 /* ImageDetailViewController.h */ = {isa = PBXFileReference; fileEncoding = 4; lastKnownFileType = sourcecode.c.h; path = ImageDetailViewController.h; sourceTree = "<group>"; };
		446D8DDA1D3413490006BEE5 /* ImageDetailViewController.m */ = {isa = PBXFileReference; fileEncoding = 4; lastKnownFileType = sourcecode.c.objc; path = ImageDetailViewController.m; sourceTree = "<group>"; };
/* End PBXFileReference section */

/* Begin PBXFrameworksBuildPhase section */
		446D8DAE1D33EA500006BEE5 /* Frameworks */ = {
			isa = PBXFrameworksBuildPhase;
			buildActionMask = 2147483647;
			files = (
			);
			runOnlyForDeploymentPostprocessing = 0;
		};
		446D8DC71D33EA500006BEE5 /* Frameworks */ = {
			isa = PBXFrameworksBuildPhase;
			buildActionMask = 2147483647;
			files = (
			);
			runOnlyForDeploymentPostprocessing = 0;
		};
/* End PBXFrameworksBuildPhase section */

/* Begin PBXGroup section */
		446D8DA81D33EA4F0006BEE5 = {
			isa = PBXGroup;
			children = (
				446D8DB31D33EA500006BEE5 /* ScrollViewImageGalleries */,
				446D8DCD1D33EA500006BEE5 /* ScrollViewImageGalleriesTests */,
				446D8DB21D33EA500006BEE5 /* Products */,
			);
			sourceTree = "<group>";
		};
		446D8DB21D33EA500006BEE5 /* Products */ = {
			isa = PBXGroup;
			children = (
				446D8DB11D33EA500006BEE5 /* ScrollViewImageGalleries.app */,
				446D8DCA1D33EA500006BEE5 /* ScrollViewImageGalleriesTests.xctest */,
			);
			name = Products;
			sourceTree = "<group>";
		};
		446D8DB31D33EA500006BEE5 /* ScrollViewImageGalleries */ = {
			isa = PBXGroup;
			children = (
				446D8DB71D33EA500006BEE5 /* AppDelegate.h */,
				446D8DB81D33EA500006BEE5 /* AppDelegate.m */,
				446D8DBA1D33EA500006BEE5 /* ViewController.h */,
				446D8DBB1D33EA500006BEE5 /* ViewController.m */,
				446D8DBD1D33EA500006BEE5 /* Main.storyboard */,
				446D8DC01D33EA500006BEE5 /* Assets.xcassets */,
				446D8DC21D33EA500006BEE5 /* LaunchScreen.storyboard */,
				446D8DC51D33EA500006BEE5 /* Info.plist */,
				446D8DB41D33EA500006BEE5 /* Supporting Files */,
				446D8DD91D3413490006BEE5 /* ImageDetailViewController.h */,
				446D8DDA1D3413490006BEE5 /* ImageDetailViewController.m */,
			);
			path = ScrollViewImageGalleries;
			sourceTree = "<group>";
		};
		446D8DB41D33EA500006BEE5 /* Supporting Files */ = {
			isa = PBXGroup;
			children = (
				446D8DB51D33EA500006BEE5 /* main.m */,
			);
			name = "Supporting Files";
			sourceTree = "<group>";
		};
		446D8DCD1D33EA500006BEE5 /* ScrollViewImageGalleriesTests */ = {
			isa = PBXGroup;
			children = (
				446D8DCE1D33EA500006BEE5 /* ScrollViewImageGalleriesTests.m */,
				446D8DD01D33EA500006BEE5 /* Info.plist */,
			);
			path = ScrollViewImageGalleriesTests;
			sourceTree = "<group>";
		};
/* End PBXGroup section */

/* Begin PBXNativeTarget section */
		446D8DB01D33EA500006BEE5 /* ScrollViewImageGalleries */ = {
			isa = PBXNativeTarget;
			buildConfigurationList = 446D8DD31D33EA500006BEE5 /* Build configuration list for PBXNativeTarget "ScrollViewImageGalleries" */;
			buildPhases = (
				446D8DAD1D33EA500006BEE5 /* Sources */,
				446D8DAE1D33EA500006BEE5 /* Frameworks */,
				446D8DAF1D33EA500006BEE5 /* Resources */,
			);
			buildRules = (
			);
			dependencies = (
			);
			name = ScrollViewImageGalleries;
			productName = ScrollViewImageGalleries;
			productReference = 446D8DB11D33EA500006BEE5 /* ScrollViewImageGalleries.app */;
			productType = "com.apple.product-type.application";
		};
		446D8DC91D33EA500006BEE5 /* ScrollViewImageGalleriesTests */ = {
			isa = PBXNativeTarget;
			buildConfigurationList = 446D8DD61D33EA500006BEE5 /* Build configuration list for PBXNativeTarget "ScrollViewImageGalleriesTests" */;
			buildPhases = (
				446D8DC61D33EA500006BEE5 /* Sources */,
				446D8DC71D33EA500006BEE5 /* Frameworks */,
				446D8DC81D33EA500006BEE5 /* Resources */,
			);
			buildRules = (
			);
			dependencies = (
				446D8DCC1D33EA500006BEE5 /* PBXTargetDependency */,
			);
			name = ScrollViewImageGalleriesTests;
			productName = ScrollViewImageGalleriesTests;
			productReference = 446D8DCA1D33EA500006BEE5 /* ScrollViewImageGalleriesTests.xctest */;
			productType = "com.apple.product-type.bundle.unit-test";
		};
/* End PBXNativeTarget section */

/* Begin PBXProject section */
		446D8DA91D33EA500006BEE5 /* Project object */ = {
			isa = PBXProject;
			attributes = {
				LastUpgradeCheck = 0730;
				ORGANIZATIONNAME = "Yevhen Kim";
				TargetAttributes = {
					446D8DB01D33EA500006BEE5 = {
						CreatedOnToolsVersion = 7.3.1;
					};
					446D8DC91D33EA500006BEE5 = {
						CreatedOnToolsVersion = 7.3.1;
						TestTargetID = 446D8DB01D33EA500006BEE5;
					};
				};
			};
			buildConfigurationList = 446D8DAC1D33EA500006BEE5 /* Build configuration list for PBXProject "ScrollViewImageGalleries" */;
			compatibilityVersion = "Xcode 3.2";
			developmentRegion = English;
			hasScannedForEncodings = 0;
			knownRegions = (
				en,
				Base,
			);
			mainGroup = 446D8DA81D33EA4F0006BEE5;
			productRefGroup = 446D8DB21D33EA500006BEE5 /* Products */;
			projectDirPath = "";
			projectRoot = "";
			targets = (
				446D8DB01D33EA500006BEE5 /* ScrollViewImageGalleries */,
				446D8DC91D33EA500006BEE5 /* ScrollViewImageGalleriesTests */,
			);
		};
/* End PBXProject section */

/* Begin PBXResourcesBuildPhase section */
		446D8DAF1D33EA500006BEE5 /* Resources */ = {
			isa = PBXResourcesBuildPhase;
			buildActionMask = 2147483647;
			files = (
				446D8DC41D33EA500006BEE5 /* LaunchScreen.storyboard in Resources */,
				446D8DC11D33EA500006BEE5 /* Assets.xcassets in Resources */,
				446D8DBF1D33EA500006BEE5 /* Main.storyboard in Resources */,
			);
			runOnlyForDeploymentPostprocessing = 0;
		};
		446D8DC81D33EA500006BEE5 /* Resources */ = {
			isa = PBXResourcesBuildPhase;
			buildActionMask = 2147483647;
			files = (
			);
			runOnlyForDeploymentPostprocessing = 0;
		};
/* End PBXResourcesBuildPhase section */

/* Begin PBXSourcesBuildPhase section */
		446D8DAD1D33EA500006BEE5 /* Sources */ = {
			isa = PBXSourcesBuildPhase;
			buildActionMask = 2147483647;
			files = (
				446D8DBC1D33EA500006BEE5 /* ViewController.m in Sources */,
				446D8DB91D33EA500006BEE5 /* AppDelegate.m in Sources */,
				446D8DB61D33EA500006BEE5 /* main.m in Sources */,
				446D8DDB1D3413490006BEE5 /* ImageDetailViewController.m in Sources */,
			);
			runOnlyForDeploymentPostprocessing = 0;
		};
		446D8DC61D33EA500006BEE5 /* Sources */ = {
			isa = PBXSourcesBuildPhase;
			buildActionMask = 2147483647;
			files = (
				446D8DCF1D33EA500006BEE5 /* ScrollViewImageGalleriesTests.m in Sources */,
			);
			runOnlyForDeploymentPostprocessing = 0;
		};
/* End PBXSourcesBuildPhase section */

/* Begin PBXTargetDependency section */
		446D8DCC1D33EA500006BEE5 /* PBXTargetDependency */ = {
			isa = PBXTargetDependency;
			target = 446D8DB01D33EA500006BEE5 /* ScrollViewImageGalleries */;
			targetProxy = 446D8DCB1D33EA500006BEE5 /* PBXContainerItemProxy */;
		};
/* End PBXTargetDependency section */

/* Begin PBXVariantGroup section */
		446D8DBD1D33EA500006BEE5 /* Main.storyboard */ = {
			isa = PBXVariantGroup;
			children = (
				446D8DBE1D33EA500006BEE5 /* Base */,
			);
			name = Main.storyboard;
			sourceTree = "<group>";
		};
		446D8DC21D33EA500006BEE5 /* LaunchScreen.storyboard */ = {
			isa = PBXVariantGroup;
			children = (
				446D8DC31D33EA500006BEE5 /* Base */,
			);
			name = LaunchScreen.storyboard;
			sourceTree = "<group>";
		};
/* End PBXVariantGroup section */

/* Begin XCBuildConfiguration section */
		446D8DD11D33EA500006BEE5 /* Debug */ = {
			isa = XCBuildConfiguration;
			buildSettings = {
				ALWAYS_SEARCH_USER_PATHS = NO;
				CLANG_ANALYZER_NONNULL = YES;
				CLANG_CXX_LANGUAGE_STANDARD = "gnu++0x";
				CLANG_CXX_LIBRARY = "libc++";
				CLANG_ENABLE_MODULES = YES;
				CLANG_ENABLE_OBJC_ARC = YES;
				CLANG_WARN_BOOL_CONVERSION = YES;
				CLANG_WARN_CONSTANT_CONVERSION = YES;
				CLANG_WARN_DIRECT_OBJC_ISA_USAGE = YES_ERROR;
				CLANG_WARN_EMPTY_BODY = YES;
				CLANG_WARN_ENUM_CONVERSION = YES;
				CLANG_WARN_INT_CONVERSION = YES;
				CLANG_WARN_OBJC_ROOT_CLASS = YES_ERROR;
				CLANG_WARN_UNREACHABLE_CODE = YES;
				CLANG_WARN__DUPLICATE_METHOD_MATCH = YES;
				"CODE_SIGN_IDENTITY[sdk=iphoneos*]" = "iPhone Developer";
				COPY_PHASE_STRIP = NO;
				DEBUG_INFORMATION_FORMAT = dwarf;
				ENABLE_STRICT_OBJC_MSGSEND = YES;
				ENABLE_TESTABILITY = YES;
				GCC_C_LANGUAGE_STANDARD = gnu99;
				GCC_DYNAMIC_NO_PIC = NO;
				GCC_NO_COMMON_BLOCKS = YES;
				GCC_OPTIMIZATION_LEVEL = 0;
				GCC_PREPROCESSOR_DEFINITIONS = (
					"DEBUG=1",
					"$(inherited)",
				);
				GCC_WARN_64_TO_32_BIT_CONVERSION = YES;
				GCC_WARN_ABOUT_RETURN_TYPE = YES_ERROR;
				GCC_WARN_UNDECLARED_SELECTOR = YES;
				GCC_WARN_UNINITIALIZED_AUTOS = YES_AGGRESSIVE;
				GCC_WARN_UNUSED_FUNCTION = YES;
				GCC_WARN_UNUSED_VARIABLE = YES;
				IPHONEOS_DEPLOYMENT_TARGET = 9.3;
				MTL_ENABLE_DEBUG_INFO = YES;
				ONLY_ACTIVE_ARCH = YES;
				SDKROOT = iphoneos;
			};
			name = Debug;
		};
		446D8DD21D33EA500006BEE5 /* Release */ = {
			isa = XCBuildConfiguration;
			buildSettings = {
				ALWAYS_SEARCH_USER_PATHS = NO;
				CLANG_ANALYZER_NONNULL = YES;
				CLANG_CXX_LANGUAGE_STANDARD = "gnu++0x";
				CLANG_CXX_LIBRARY = "libc++";
				CLANG_ENABLE_MODULES = YES;
				CLANG_ENABLE_OBJC_ARC = YES;
				CLANG_WARN_BOOL_CONVERSION = YES;
				CLANG_WARN_CONSTANT_CONVERSION = YES;
				CLANG_WARN_DIRECT_OBJC_ISA_USAGE = YES_ERROR;
				CLANG_WARN_EMPTY_BODY = YES;
				CLANG_WARN_ENUM_CONVERSION = YES;
				CLANG_WARN_INT_CONVERSION = YES;
				CLANG_WARN_OBJC_ROOT_CLASS = YES_ERROR;
				CLANG_WARN_UNREACHABLE_CODE = YES;
				CLANG_WARN__DUPLICATE_METHOD_MATCH = YES;
				"CODE_SIGN_IDENTITY[sdk=iphoneos*]" = "iPhone Developer";
				COPY_PHASE_STRIP = NO;
				DEBUG_INFORMATION_FORMAT = "dwarf-with-dsym";
				ENABLE_NS_ASSERTIONS = NO;
				ENABLE_STRICT_OBJC_MSGSEND = YES;
				GCC_C_LANGUAGE_STANDARD = gnu99;
				GCC_NO_COMMON_BLOCKS = YES;
				GCC_WARN_64_TO_32_BIT_CONVERSION = YES;
				GCC_WARN_ABOUT_RETURN_TYPE = YES_ERROR;
				GCC_WARN_UNDECLARED_SELECTOR = YES;
				GCC_WARN_UNINITIALIZED_AUTOS = YES_AGGRESSIVE;
				GCC_WARN_UNUSED_FUNCTION = YES;
				GCC_WARN_UNUSED_VARIABLE = YES;
				IPHONEOS_DEPLOYMENT_TARGET = 9.3;
				MTL_ENABLE_DEBUG_INFO = NO;
				SDKROOT = iphoneos;
				VALIDATE_PRODUCT = YES;
			};
			name = Release;
		};
		446D8DD41D33EA500006BEE5 /* Debug */ = {
			isa = XCBuildConfiguration;
			buildSettings = {
				ASSETCATALOG_COMPILER_APPICON_NAME = AppIcon;
				INFOPLIST_FILE = ScrollViewImageGalleries/Info.plist;
				LD_RUNPATH_SEARCH_PATHS = "$(inherited) @executable_path/Frameworks";
				PRODUCT_BUNDLE_IDENTIFIER = com.yevhenkim.ScrollViewImageGalleries;
				PRODUCT_NAME = "$(TARGET_NAME)";
			};
			name = Debug;
		};
		446D8DD51D33EA500006BEE5 /* Release */ = {
			isa = XCBuildConfiguration;
			buildSettings = {
				ASSETCATALOG_COMPILER_APPICON_NAME = AppIcon;
				INFOPLIST_FILE = ScrollViewImageGalleries/Info.plist;
				LD_RUNPATH_SEARCH_PATHS = "$(inherited) @executable_path/Frameworks";
				PRODUCT_BUNDLE_IDENTIFIER = com.yevhenkim.ScrollViewImageGalleries;
				PRODUCT_NAME = "$(TARGET_NAME)";
			};
			name = Release;
		};
		446D8DD71D33EA500006BEE5 /* Debug */ = {
			isa = XCBuildConfiguration;
			buildSettings = {
				BUNDLE_LOADER = "$(TEST_HOST)";
				INFOPLIST_FILE = ScrollViewImageGalleriesTests/Info.plist;
				LD_RUNPATH_SEARCH_PATHS = "$(inherited) @executable_path/Frameworks @loader_path/Frameworks";
				PRODUCT_BUNDLE_IDENTIFIER = com.yevhenkim.ScrollViewImageGalleriesTests;
				PRODUCT_NAME = "$(TARGET_NAME)";
				TEST_HOST = "$(BUILT_PRODUCTS_DIR)/ScrollViewImageGalleries.app/ScrollViewImageGalleries";
			};
			name = Debug;
		};
		446D8DD81D33EA500006BEE5 /* Release */ = {
			isa = XCBuildConfiguration;
			buildSettings = {
				BUNDLE_LOADER = "$(TEST_HOST)";
				INFOPLIST_FILE = ScrollViewImageGalleriesTests/Info.plist;
				LD_RUNPATH_SEARCH_PATHS = "$(inherited) @executable_path/Frameworks @loader_path/Frameworks";
				PRODUCT_BUNDLE_IDENTIFIER = com.yevhenkim.ScrollViewImageGalleriesTests;
				PRODUCT_NAME = "$(TARGET_NAME)";
				TEST_HOST = "$(BUILT_PRODUCTS_DIR)/ScrollViewImageGalleries.app/ScrollViewImageGalleries";
			};
			name = Release;
		};
/* End XCBuildConfiguration section */

/* Begin XCConfigurationList section */
		446D8DAC1D33EA500006BEE5 /* Build configuration list for PBXProject "ScrollViewImageGalleries" */ = {
			isa = XCConfigurationList;
			buildConfigurations = (
				446D8DD11D33EA500006BEE5 /* Debug */,
				446D8DD21D33EA500006BEE5 /* Release */,
			);
			defaultConfigurationIsVisible = 0;
			defaultConfigurationName = Release;
		};
		446D8DD31D33EA500006BEE5 /* Build configuration list for PBXNativeTarget "ScrollViewImageGalleries" */ = {
			isa = XCConfigurationList;
			buildConfigurations = (
				446D8DD41D33EA500006BEE5 /* Debug */,
				446D8DD51D33EA500006BEE5 /* Release */,
			);
			defaultConfigurationIsVisible = 0;
		};
		446D8DD61D33EA500006BEE5 /* Build configuration list for PBXNativeTarget "ScrollViewImageGalleriesTests" */ = {
			isa = XCConfigurationList;
			buildConfigurations = (
				446D8DD71D33EA500006BEE5 /* Debug */,
				446D8DD81D33EA500006BEE5 /* Release */,
			);
			defaultConfigurationIsVisible = 0;
		};
/* End XCConfigurationList section */
	};
	rootObject = 446D8DA91D33EA500006BEE5 /* Project object */;
}
