// !$*UTF8*$!
{
	archiveVersion = 1;
	classes = {
	};
	objectVersion = 46;
	objects = {

/* Begin PBXBuildFile section */
		449D42CF1D3CEC6100EAE5AB /* main.m in Sources */ = {isa = PBXBuildFile; fileRef = 449D42CE1D3CEC6100EAE5AB /* main.m */; };
		449D42D21D3CEC6100EAE5AB /* AppDelegate.m in Sources */ = {isa = PBXBuildFile; fileRef = 449D42D11D3CEC6100EAE5AB /* AppDelegate.m */; };
		449D42D51D3CEC6100EAE5AB /* MasterViewController.m in Sources */ = {isa = PBXBuildFile; fileRef = 449D42D41D3CEC6100EAE5AB /* MasterViewController.m */; };
		449D42D81D3CEC6100EAE5AB /* Main.storyboard in Resources */ = {isa = PBXBuildFile; fileRef = 449D42D61D3CEC6100EAE5AB /* Main.storyboard */; };
		449D42DA1D3CEC6100EAE5AB /* Assets.xcassets in Resources */ = {isa = PBXBuildFile; fileRef = 449D42D91D3CEC6100EAE5AB /* Assets.xcassets */; };
		449D42DD1D3CEC6100EAE5AB /* LaunchScreen.storyboard in Resources */ = {isa = PBXBuildFile; fileRef = 449D42DB1D3CEC6100EAE5AB /* LaunchScreen.storyboard */; };
		449D42E81D3CEC6100EAE5AB /* RetestTests.m in Sources */ = {isa = PBXBuildFile; fileRef = 449D42E71D3CEC6100EAE5AB /* RetestTests.m */; };
		449D42F71D3CF26400EAE5AB /* ActressDetailController.m in Sources */ = {isa = PBXBuildFile; fileRef = 449D42F61D3CF26400EAE5AB /* ActressDetailController.m */; };
		449D42FA1D3CF2DB00EAE5AB /* ActressCell.m in Sources */ = {isa = PBXBuildFile; fileRef = 449D42F91D3CF2DB00EAE5AB /* ActressCell.m */; };
		449D42FF1D3CFC9900EAE5AB /* Actress.m in Sources */ = {isa = PBXBuildFile; fileRef = 449D42FE1D3CFC9900EAE5AB /* Actress.m */; };
/* End PBXBuildFile section */

/* Begin PBXContainerItemProxy section */
		449D42E41D3CEC6100EAE5AB /* PBXContainerItemProxy */ = {
			isa = PBXContainerItemProxy;
			containerPortal = 449D42C21D3CEC6100EAE5AB /* Project object */;
			proxyType = 1;
			remoteGlobalIDString = 449D42C91D3CEC6100EAE5AB;
			remoteInfo = Retest;
		};
/* End PBXContainerItemProxy section */

/* Begin PBXFileReference section */
		449D42CA1D3CEC6100EAE5AB /* Retest.app */ = {isa = PBXFileReference; explicitFileType = wrapper.application; includeInIndex = 0; path = Retest.app; sourceTree = BUILT_PRODUCTS_DIR; };
		449D42CE1D3CEC6100EAE5AB /* main.m */ = {isa = PBXFileReference; lastKnownFileType = sourcecode.c.objc; path = main.m; sourceTree = "<group>"; };
		449D42D01D3CEC6100EAE5AB /* AppDelegate.h */ = {isa = PBXFileReference; lastKnownFileType = sourcecode.c.h; path = AppDelegate.h; sourceTree = "<group>"; };
		449D42D11D3CEC6100EAE5AB /* AppDelegate.m */ = {isa = PBXFileReference; lastKnownFileType = sourcecode.c.objc; path = AppDelegate.m; sourceTree = "<group>"; };
		449D42D31D3CEC6100EAE5AB /* MasterViewController.h */ = {isa = PBXFileReference; lastKnownFileType = sourcecode.c.h; path = MasterViewController.h; sourceTree = "<group>"; };
		449D42D41D3CEC6100EAE5AB /* MasterViewController.m */ = {isa = PBXFileReference; lastKnownFileType = sourcecode.c.objc; path = MasterViewController.m; sourceTree = "<group>"; };
		449D42D71D3CEC6100EAE5AB /* Base */ = {isa = PBXFileReference; lastKnownFileType = file.storyboard; name = Base; path = Base.lproj/Main.storyboard; sourceTree = "<group>"; };
		449D42D91D3CEC6100EAE5AB /* Assets.xcassets */ = {isa = PBXFileReference; lastKnownFileType = folder.assetcatalog; path = Assets.xcassets; sourceTree = "<group>"; };
		449D42DC1D3CEC6100EAE5AB /* Base */ = {isa = PBXFileReference; lastKnownFileType = file.storyboard; name = Base; path = Base.lproj/LaunchScreen.storyboard; sourceTree = "<group>"; };
		449D42DE1D3CEC6100EAE5AB /* Info.plist */ = {isa = PBXFileReference; lastKnownFileType = text.plist.xml; path = Info.plist; sourceTree = "<group>"; };
		449D42E31D3CEC6100EAE5AB /* RetestTests.xctest */ = {isa = PBXFileReference; explicitFileType = wrapper.cfbundle; includeInIndex = 0; path = RetestTests.xctest; sourceTree = BUILT_PRODUCTS_DIR; };
		449D42E71D3CEC6100EAE5AB /* RetestTests.m */ = {isa = PBXFileReference; lastKnownFileType = sourcecode.c.objc; path = RetestTests.m; sourceTree = "<group>"; };
		449D42E91D3CEC6100EAE5AB /* Info.plist */ = {isa = PBXFileReference; lastKnownFileType = text.plist.xml; path = Info.plist; sourceTree = "<group>"; };
		449D42F51D3CF26400EAE5AB /* ActressDetailController.h */ = {isa = PBXFileReference; fileEncoding = 4; lastKnownFileType = sourcecode.c.h; path = ActressDetailController.h; sourceTree = "<group>"; };
		449D42F61D3CF26400EAE5AB /* ActressDetailController.m */ = {isa = PBXFileReference; fileEncoding = 4; lastKnownFileType = sourcecode.c.objc; path = ActressDetailController.m; sourceTree = "<group>"; };
		449D42F81D3CF2DB00EAE5AB /* ActressCell.h */ = {isa = PBXFileReference; fileEncoding = 4; lastKnownFileType = sourcecode.c.h; path = ActressCell.h; sourceTree = "<group>"; };
		449D42F91D3CF2DB00EAE5AB /* ActressCell.m */ = {isa = PBXFileReference; fileEncoding = 4; lastKnownFileType = sourcecode.c.objc; path = ActressCell.m; sourceTree = "<group>"; };
		449D42FD1D3CFC9900EAE5AB /* Actress.h */ = {isa = PBXFileReference; fileEncoding = 4; lastKnownFileType = sourcecode.c.h; path = Actress.h; sourceTree = "<group>"; };
		449D42FE1D3CFC9900EAE5AB /* Actress.m */ = {isa = PBXFileReference; fileEncoding = 4; lastKnownFileType = sourcecode.c.objc; path = Actress.m; sourceTree = "<group>"; };
/* End PBXFileReference section */

/* Begin PBXFrameworksBuildPhase section */
		449D42C71D3CEC6100EAE5AB /* Frameworks */ = {
			isa = PBXFrameworksBuildPhase;
			buildActionMask = 2147483647;
			files = (
			);
			runOnlyForDeploymentPostprocessing = 0;
		};
		449D42E01D3CEC6100EAE5AB /* Frameworks */ = {
			isa = PBXFrameworksBuildPhase;
			buildActionMask = 2147483647;
			files = (
			);
			runOnlyForDeploymentPostprocessing = 0;
		};
/* End PBXFrameworksBuildPhase section */

/* Begin PBXGroup section */
		449D42C11D3CEC6100EAE5AB = {
			isa = PBXGroup;
			children = (
				449D42CC1D3CEC6100EAE5AB /* Retest */,
				449D42E61D3CEC6100EAE5AB /* RetestTests */,
				449D42CB1D3CEC6100EAE5AB /* Products */,
			);
			sourceTree = "<group>";
		};
		449D42CB1D3CEC6100EAE5AB /* Products */ = {
			isa = PBXGroup;
			children = (
				449D42CA1D3CEC6100EAE5AB /* Retest.app */,
				449D42E31D3CEC6100EAE5AB /* RetestTests.xctest */,
			);
			name = Products;
			sourceTree = "<group>";
		};
		449D42CC1D3CEC6100EAE5AB /* Retest */ = {
			isa = PBXGroup;
			children = (
				449D43001D3CFC9E00EAE5AB /* Model */,
				449D42FB1D3CF2E500EAE5AB /* view */,
				449D42FC1D3CF3C900EAE5AB /* Controllers */,
				449D42CD1D3CEC6100EAE5AB /* Supporting Files */,
				449D42D61D3CEC6100EAE5AB /* Main.storyboard */,
			);
			path = Retest;
			sourceTree = "<group>";
		};
		449D42CD1D3CEC6100EAE5AB /* Supporting Files */ = {
			isa = PBXGroup;
			children = (
				449D42D01D3CEC6100EAE5AB /* AppDelegate.h */,
				449D42D11D3CEC6100EAE5AB /* AppDelegate.m */,
				449D42D91D3CEC6100EAE5AB /* Assets.xcassets */,
				449D42DB1D3CEC6100EAE5AB /* LaunchScreen.storyboard */,
				449D42DE1D3CEC6100EAE5AB /* Info.plist */,
				449D42CE1D3CEC6100EAE5AB /* main.m */,
			);
			name = "Supporting Files";
			sourceTree = "<group>";
		};
		449D42E61D3CEC6100EAE5AB /* RetestTests */ = {
			isa = PBXGroup;
			children = (
				449D42E71D3CEC6100EAE5AB /* RetestTests.m */,
				449D42E91D3CEC6100EAE5AB /* Info.plist */,
			);
			path = RetestTests;
			sourceTree = "<group>";
		};
		449D42FB1D3CF2E500EAE5AB /* view */ = {
			isa = PBXGroup;
			children = (
				449D42F81D3CF2DB00EAE5AB /* ActressCell.h */,
				449D42F91D3CF2DB00EAE5AB /* ActressCell.m */,
			);
			name = view;
			sourceTree = "<group>";
		};
		449D42FC1D3CF3C900EAE5AB /* Controllers */ = {
			isa = PBXGroup;
			children = (
				449D42F51D3CF26400EAE5AB /* ActressDetailController.h */,
				449D42F61D3CF26400EAE5AB /* ActressDetailController.m */,
				449D42D31D3CEC6100EAE5AB /* MasterViewController.h */,
				449D42D41D3CEC6100EAE5AB /* MasterViewController.m */,
			);
			name = Controllers;
			sourceTree = "<group>";
		};
		449D43001D3CFC9E00EAE5AB /* Model */ = {
			isa = PBXGroup;
			children = (
				449D42FD1D3CFC9900EAE5AB /* Actress.h */,
				449D42FE1D3CFC9900EAE5AB /* Actress.m */,
			);
			name = Model;
			sourceTree = "<group>";
		};
/* End PBXGroup section */

/* Begin PBXNativeTarget section */
		449D42C91D3CEC6100EAE5AB /* Retest */ = {
			isa = PBXNativeTarget;
			buildConfigurationList = 449D42EC1D3CEC6100EAE5AB /* Build configuration list for PBXNativeTarget "Retest" */;
			buildPhases = (
				449D42C61D3CEC6100EAE5AB /* Sources */,
				449D42C71D3CEC6100EAE5AB /* Frameworks */,
				449D42C81D3CEC6100EAE5AB /* Resources */,
			);
			buildRules = (
			);
			dependencies = (
			);
			name = Retest;
			productName = Retest;
			productReference = 449D42CA1D3CEC6100EAE5AB /* Retest.app */;
			productType = "com.apple.product-type.application";
		};
		449D42E21D3CEC6100EAE5AB /* RetestTests */ = {
			isa = PBXNativeTarget;
			buildConfigurationList = 449D42EF1D3CEC6100EAE5AB /* Build configuration list for PBXNativeTarget "RetestTests" */;
			buildPhases = (
				449D42DF1D3CEC6100EAE5AB /* Sources */,
				449D42E01D3CEC6100EAE5AB /* Frameworks */,
				449D42E11D3CEC6100EAE5AB /* Resources */,
			);
			buildRules = (
			);
			dependencies = (
				449D42E51D3CEC6100EAE5AB /* PBXTargetDependency */,
			);
			name = RetestTests;
			productName = RetestTests;
			productReference = 449D42E31D3CEC6100EAE5AB /* RetestTests.xctest */;
			productType = "com.apple.product-type.bundle.unit-test";
		};
/* End PBXNativeTarget section */

/* Begin PBXProject section */
		449D42C21D3CEC6100EAE5AB /* Project object */ = {
			isa = PBXProject;
			attributes = {
				LastUpgradeCheck = 0730;
				ORGANIZATIONNAME = "Yevhen Kim";
				TargetAttributes = {
					449D42C91D3CEC6100EAE5AB = {
						CreatedOnToolsVersion = 7.3.1;
					};
					449D42E21D3CEC6100EAE5AB = {
						CreatedOnToolsVersion = 7.3.1;
						TestTargetID = 449D42C91D3CEC6100EAE5AB;
					};
				};
			};
			buildConfigurationList = 449D42C51D3CEC6100EAE5AB /* Build configuration list for PBXProject "Retest" */;
			compatibilityVersion = "Xcode 3.2";
			developmentRegion = English;
			hasScannedForEncodings = 0;
			knownRegions = (
				en,
				Base,
			);
			mainGroup = 449D42C11D3CEC6100EAE5AB;
			productRefGroup = 449D42CB1D3CEC6100EAE5AB /* Products */;
			projectDirPath = "";
			projectRoot = "";
			targets = (
				449D42C91D3CEC6100EAE5AB /* Retest */,
				449D42E21D3CEC6100EAE5AB /* RetestTests */,
			);
		};
/* End PBXProject section */

/* Begin PBXResourcesBuildPhase section */
		449D42C81D3CEC6100EAE5AB /* Resources */ = {
			isa = PBXResourcesBuildPhase;
			buildActionMask = 2147483647;
			files = (
				449D42DD1D3CEC6100EAE5AB /* LaunchScreen.storyboard in Resources */,
				449D42DA1D3CEC6100EAE5AB /* Assets.xcassets in Resources */,
				449D42D81D3CEC6100EAE5AB /* Main.storyboard in Resources */,
			);
			runOnlyForDeploymentPostprocessing = 0;
		};
		449D42E11D3CEC6100EAE5AB /* Resources */ = {
			isa = PBXResourcesBuildPhase;
			buildActionMask = 2147483647;
			files = (
			);
			runOnlyForDeploymentPostprocessing = 0;
		};
/* End PBXResourcesBuildPhase section */

/* Begin PBXSourcesBuildPhase section */
		449D42C61D3CEC6100EAE5AB /* Sources */ = {
			isa = PBXSourcesBuildPhase;
			buildActionMask = 2147483647;
			files = (
				449D42F71D3CF26400EAE5AB /* ActressDetailController.m in Sources */,
				449D42D51D3CEC6100EAE5AB /* MasterViewController.m in Sources */,
				449D42FF1D3CFC9900EAE5AB /* Actress.m in Sources */,
				449D42D21D3CEC6100EAE5AB /* AppDelegate.m in Sources */,
				449D42FA1D3CF2DB00EAE5AB /* ActressCell.m in Sources */,
				449D42CF1D3CEC6100EAE5AB /* main.m in Sources */,
			);
			runOnlyForDeploymentPostprocessing = 0;
		};
		449D42DF1D3CEC6100EAE5AB /* Sources */ = {
			isa = PBXSourcesBuildPhase;
			buildActionMask = 2147483647;
			files = (
				449D42E81D3CEC6100EAE5AB /* RetestTests.m in Sources */,
			);
			runOnlyForDeploymentPostprocessing = 0;
		};
/* End PBXSourcesBuildPhase section */

/* Begin PBXTargetDependency section */
		449D42E51D3CEC6100EAE5AB /* PBXTargetDependency */ = {
			isa = PBXTargetDependency;
			target = 449D42C91D3CEC6100EAE5AB /* Retest */;
			targetProxy = 449D42E41D3CEC6100EAE5AB /* PBXContainerItemProxy */;
		};
/* End PBXTargetDependency section */

/* Begin PBXVariantGroup section */
		449D42D61D3CEC6100EAE5AB /* Main.storyboard */ = {
			isa = PBXVariantGroup;
			children = (
				449D42D71D3CEC6100EAE5AB /* Base */,
			);
			name = Main.storyboard;
			sourceTree = "<group>";
		};
		449D42DB1D3CEC6100EAE5AB /* LaunchScreen.storyboard */ = {
			isa = PBXVariantGroup;
			children = (
				449D42DC1D3CEC6100EAE5AB /* Base */,
			);
			name = LaunchScreen.storyboard;
			sourceTree = "<group>";
		};
/* End PBXVariantGroup section */

/* Begin XCBuildConfiguration section */
		449D42EA1D3CEC6100EAE5AB /* Debug */ = {
			isa = XCBuildConfiguration;
			buildSettings = {
				ALWAYS_SEARCH_USER_PATHS = NO;
				CLANG_ANALYZER_NONNULL = YES;
				CLANG_CXX_LANGUAGE_STANDARD = "gnu++0x";
				CLANG_CXX_LIBRARY = "libc++";
				CLANG_ENABLE_MODULES = YES;
				CLANG_ENABLE_OBJC_ARC = YES;
				CLANG_WARN_BOOL_CONVERSION = YES;
				CLANG_WARN_CONSTANT_CONVERSION = YES;
				CLANG_WARN_DIRECT_OBJC_ISA_USAGE = YES_ERROR;
				CLANG_WARN_EMPTY_BODY = YES;
				CLANG_WARN_ENUM_CONVERSION = YES;
				CLANG_WARN_INT_CONVERSION = YES;
				CLANG_WARN_OBJC_ROOT_CLASS = YES_ERROR;
				CLANG_WARN_UNREACHABLE_CODE = YES;
				CLANG_WARN__DUPLICATE_METHOD_MATCH = YES;
				"CODE_SIGN_IDENTITY[sdk=iphoneos*]" = "iPhone Developer";
				COPY_PHASE_STRIP = NO;
				DEBUG_INFORMATION_FORMAT = dwarf;
				ENABLE_STRICT_OBJC_MSGSEND = YES;
				ENABLE_TESTABILITY = YES;
				GCC_C_LANGUAGE_STANDARD = gnu99;
				GCC_DYNAMIC_NO_PIC = NO;
				GCC_NO_COMMON_BLOCKS = YES;
				GCC_OPTIMIZATION_LEVEL = 0;
				GCC_PREPROCESSOR_DEFINITIONS = (
					"DEBUG=1",
					"$(inherited)",
				);
				GCC_WARN_64_TO_32_BIT_CONVERSION = YES;
				GCC_WARN_ABOUT_RETURN_TYPE = YES_ERROR;
				GCC_WARN_UNDECLARED_SELECTOR = YES;
				GCC_WARN_UNINITIALIZED_AUTOS = YES_AGGRESSIVE;
				GCC_WARN_UNUSED_FUNCTION = YES;
				GCC_WARN_UNUSED_VARIABLE = YES;
				IPHONEOS_DEPLOYMENT_TARGET = 9.3;
				MTL_ENABLE_DEBUG_INFO = YES;
				ONLY_ACTIVE_ARCH = YES;
				SDKROOT = iphoneos;
			};
			name = Debug;
		};
		449D42EB1D3CEC6100EAE5AB /* Release */ = {
			isa = XCBuildConfiguration;
			buildSettings = {
				ALWAYS_SEARCH_USER_PATHS = NO;
				CLANG_ANALYZER_NONNULL = YES;
				CLANG_CXX_LANGUAGE_STANDARD = "gnu++0x";
				CLANG_CXX_LIBRARY = "libc++";
				CLANG_ENABLE_MODULES = YES;
				CLANG_ENABLE_OBJC_ARC = YES;
				CLANG_WARN_BOOL_CONVERSION = YES;
				CLANG_WARN_CONSTANT_CONVERSION = YES;
				CLANG_WARN_DIRECT_OBJC_ISA_USAGE = YES_ERROR;
				CLANG_WARN_EMPTY_BODY = YES;
				CLANG_WARN_ENUM_CONVERSION = YES;
				CLANG_WARN_INT_CONVERSION = YES;
				CLANG_WARN_OBJC_ROOT_CLASS = YES_ERROR;
				CLANG_WARN_UNREACHABLE_CODE = YES;
				CLANG_WARN__DUPLICATE_METHOD_MATCH = YES;
				"CODE_SIGN_IDENTITY[sdk=iphoneos*]" = "iPhone Developer";
				COPY_PHASE_STRIP = NO;
				DEBUG_INFORMATION_FORMAT = "dwarf-with-dsym";
				ENABLE_NS_ASSERTIONS = NO;
				ENABLE_STRICT_OBJC_MSGSEND = YES;
				GCC_C_LANGUAGE_STANDARD = gnu99;
				GCC_NO_COMMON_BLOCKS = YES;
				GCC_WARN_64_TO_32_BIT_CONVERSION = YES;
				GCC_WARN_ABOUT_RETURN_TYPE = YES_ERROR;
				GCC_WARN_UNDECLARED_SELECTOR = YES;
				GCC_WARN_UNINITIALIZED_AUTOS = YES_AGGRESSIVE;
				GCC_WARN_UNUSED_FUNCTION = YES;
				GCC_WARN_UNUSED_VARIABLE = YES;
				IPHONEOS_DEPLOYMENT_TARGET = 9.3;
				MTL_ENABLE_DEBUG_INFO = NO;
				SDKROOT = iphoneos;
				VALIDATE_PRODUCT = YES;
			};
			name = Release;
		};
		449D42ED1D3CEC6100EAE5AB /* Debug */ = {
			isa = XCBuildConfiguration;
			buildSettings = {
				ASSETCATALOG_COMPILER_APPICON_NAME = AppIcon;
				INFOPLIST_FILE = Retest/Info.plist;
				LD_RUNPATH_SEARCH_PATHS = "$(inherited) @executable_path/Frameworks";
				PRODUCT_BUNDLE_IDENTIFIER = com.yevhenkim.Retest;
				PRODUCT_NAME = "$(TARGET_NAME)";
			};
			name = Debug;
		};
		449D42EE1D3CEC6100EAE5AB /* Release */ = {
			isa = XCBuildConfiguration;
			buildSettings = {
				ASSETCATALOG_COMPILER_APPICON_NAME = AppIcon;
				INFOPLIST_FILE = Retest/Info.plist;
				LD_RUNPATH_SEARCH_PATHS = "$(inherited) @executable_path/Frameworks";
				PRODUCT_BUNDLE_IDENTIFIER = com.yevhenkim.Retest;
				PRODUCT_NAME = "$(TARGET_NAME)";
			};
			name = Release;
		};
		449D42F01D3CEC6100EAE5AB /* Debug */ = {
			isa = XCBuildConfiguration;
			buildSettings = {
				BUNDLE_LOADER = "$(TEST_HOST)";
				INFOPLIST_FILE = RetestTests/Info.plist;
				LD_RUNPATH_SEARCH_PATHS = "$(inherited) @executable_path/Frameworks @loader_path/Frameworks";
				PRODUCT_BUNDLE_IDENTIFIER = com.yevhenkim.RetestTests;
				PRODUCT_NAME = "$(TARGET_NAME)";
				TEST_HOST = "$(BUILT_PRODUCTS_DIR)/Retest.app/Retest";
			};
			name = Debug;
		};
		449D42F11D3CEC6100EAE5AB /* Release */ = {
			isa = XCBuildConfiguration;
			buildSettings = {
				BUNDLE_LOADER = "$(TEST_HOST)";
				INFOPLIST_FILE = RetestTests/Info.plist;
				LD_RUNPATH_SEARCH_PATHS = "$(inherited) @executable_path/Frameworks @loader_path/Frameworks";
				PRODUCT_BUNDLE_IDENTIFIER = com.yevhenkim.RetestTests;
				PRODUCT_NAME = "$(TARGET_NAME)";
				TEST_HOST = "$(BUILT_PRODUCTS_DIR)/Retest.app/Retest";
			};
			name = Release;
		};
/* End XCBuildConfiguration section */

/* Begin XCConfigurationList section */
		449D42C51D3CEC6100EAE5AB /* Build configuration list for PBXProject "Retest" */ = {
			isa = XCConfigurationList;
			buildConfigurations = (
				449D42EA1D3CEC6100EAE5AB /* Debug */,
				449D42EB1D3CEC6100EAE5AB /* Release */,
			);
			defaultConfigurationIsVisible = 0;
			defaultConfigurationName = Release;
		};
		449D42EC1D3CEC6100EAE5AB /* Build configuration list for PBXNativeTarget "Retest" */ = {
			isa = XCConfigurationList;
			buildConfigurations = (
				449D42ED1D3CEC6100EAE5AB /* Debug */,
				449D42EE1D3CEC6100EAE5AB /* Release */,
			);
			defaultConfigurationIsVisible = 0;
		};
		449D42EF1D3CEC6100EAE5AB /* Build configuration list for PBXNativeTarget "RetestTests" */ = {
			isa = XCConfigurationList;
			buildConfigurations = (
				449D42F01D3CEC6100EAE5AB /* Debug */,
				449D42F11D3CEC6100EAE5AB /* Release */,
			);
			defaultConfigurationIsVisible = 0;
		};
/* End XCConfigurationList section */
	};
	rootObject = 449D42C21D3CEC6100EAE5AB /* Project object */;
}
