// !$*UTF8*$!
{
	archiveVersion = 1;
	classes = {
	};
	objectVersion = 46;
	objects = {

/* Begin PBXBuildFile section */
		446D903C1D3856EC0006BEE5 /* main.m in Sources */ = {isa = PBXBuildFile; fileRef = 446D903B1D3856EC0006BEE5 /* main.m */; };
		446D903F1D3856EC0006BEE5 /* AppDelegate.m in Sources */ = {isa = PBXBuildFile; fileRef = 446D903E1D3856EC0006BEE5 /* AppDelegate.m */; };
		446D90421D3856EC0006BEE5 /* MasterViewController.m in Sources */ = {isa = PBXBuildFile; fileRef = 446D90411D3856EC0006BEE5 /* MasterViewController.m */; };
		446D90451D3856EC0006BEE5 /* Main.storyboard in Resources */ = {isa = PBXBuildFile; fileRef = 446D90431D3856EC0006BEE5 /* Main.storyboard */; };
		446D90471D3856EC0006BEE5 /* Assets.xcassets in Resources */ = {isa = PBXBuildFile; fileRef = 446D90461D3856EC0006BEE5 /* Assets.xcassets */; };
		446D904A1D3856EC0006BEE5 /* LaunchScreen.storyboard in Resources */ = {isa = PBXBuildFile; fileRef = 446D90481D3856EC0006BEE5 /* LaunchScreen.storyboard */; };
		446D90551D3856EC0006BEE5 /* TestEx2Tests.m in Sources */ = {isa = PBXBuildFile; fileRef = 446D90541D3856EC0006BEE5 /* TestEx2Tests.m */; };
		446D90611D385E430006BEE5 /* Song.m in Sources */ = {isa = PBXBuildFile; fileRef = 446D90601D385E430006BEE5 /* Song.m */; };
		446D90661D3860F20006BEE5 /* DetailViewController.m in Sources */ = {isa = PBXBuildFile; fileRef = 446D90651D3860F20006BEE5 /* DetailViewController.m */; };
		446D90691D38615A0006BEE5 /* TableViewCell.m in Sources */ = {isa = PBXBuildFile; fileRef = 446D90681D38615A0006BEE5 /* TableViewCell.m */; };
/* End PBXBuildFile section */

/* Begin PBXContainerItemProxy section */
		446D90511D3856EC0006BEE5 /* PBXContainerItemProxy */ = {
			isa = PBXContainerItemProxy;
			containerPortal = 446D902F1D3856EC0006BEE5 /* Project object */;
			proxyType = 1;
			remoteGlobalIDString = 446D90361D3856EC0006BEE5;
			remoteInfo = TestEx2;
		};
/* End PBXContainerItemProxy section */

/* Begin PBXFileReference section */
		446D90371D3856EC0006BEE5 /* TestEx2.app */ = {isa = PBXFileReference; explicitFileType = wrapper.application; includeInIndex = 0; path = TestEx2.app; sourceTree = BUILT_PRODUCTS_DIR; };
		446D903B1D3856EC0006BEE5 /* main.m */ = {isa = PBXFileReference; lastKnownFileType = sourcecode.c.objc; path = main.m; sourceTree = "<group>"; };
		446D903D1D3856EC0006BEE5 /* AppDelegate.h */ = {isa = PBXFileReference; lastKnownFileType = sourcecode.c.h; path = AppDelegate.h; sourceTree = "<group>"; };
		446D903E1D3856EC0006BEE5 /* AppDelegate.m */ = {isa = PBXFileReference; lastKnownFileType = sourcecode.c.objc; path = AppDelegate.m; sourceTree = "<group>"; };
		446D90401D3856EC0006BEE5 /* MasterViewController.h */ = {isa = PBXFileReference; lastKnownFileType = sourcecode.c.h; path = MasterViewController.h; sourceTree = "<group>"; };
		446D90411D3856EC0006BEE5 /* MasterViewController.m */ = {isa = PBXFileReference; lastKnownFileType = sourcecode.c.objc; path = MasterViewController.m; sourceTree = "<group>"; };
		446D90441D3856EC0006BEE5 /* Base */ = {isa = PBXFileReference; lastKnownFileType = file.storyboard; name = Base; path = Base.lproj/Main.storyboard; sourceTree = "<group>"; };
		446D90461D3856EC0006BEE5 /* Assets.xcassets */ = {isa = PBXFileReference; lastKnownFileType = folder.assetcatalog; path = Assets.xcassets; sourceTree = "<group>"; };
		446D90491D3856EC0006BEE5 /* Base */ = {isa = PBXFileReference; lastKnownFileType = file.storyboard; name = Base; path = Base.lproj/LaunchScreen.storyboard; sourceTree = "<group>"; };
		446D904B1D3856EC0006BEE5 /* Info.plist */ = {isa = PBXFileReference; lastKnownFileType = text.plist.xml; path = Info.plist; sourceTree = "<group>"; };
		446D90501D3856EC0006BEE5 /* TestEx2Tests.xctest */ = {isa = PBXFileReference; explicitFileType = wrapper.cfbundle; includeInIndex = 0; path = TestEx2Tests.xctest; sourceTree = BUILT_PRODUCTS_DIR; };
		446D90541D3856EC0006BEE5 /* TestEx2Tests.m */ = {isa = PBXFileReference; lastKnownFileType = sourcecode.c.objc; path = TestEx2Tests.m; sourceTree = "<group>"; };
		446D90561D3856EC0006BEE5 /* Info.plist */ = {isa = PBXFileReference; lastKnownFileType = text.plist.xml; path = Info.plist; sourceTree = "<group>"; };
		446D905F1D385E430006BEE5 /* Song.h */ = {isa = PBXFileReference; fileEncoding = 4; lastKnownFileType = sourcecode.c.h; path = Song.h; sourceTree = "<group>"; };
		446D90601D385E430006BEE5 /* Song.m */ = {isa = PBXFileReference; fileEncoding = 4; lastKnownFileType = sourcecode.c.objc; path = Song.m; sourceTree = "<group>"; };
		446D90641D3860F20006BEE5 /* DetailViewController.h */ = {isa = PBXFileReference; fileEncoding = 4; lastKnownFileType = sourcecode.c.h; path = DetailViewController.h; sourceTree = "<group>"; };
		446D90651D3860F20006BEE5 /* DetailViewController.m */ = {isa = PBXFileReference; fileEncoding = 4; lastKnownFileType = sourcecode.c.objc; path = DetailViewController.m; sourceTree = "<group>"; };
		446D90671D38615A0006BEE5 /* TableViewCell.h */ = {isa = PBXFileReference; fileEncoding = 4; lastKnownFileType = sourcecode.c.h; path = TableViewCell.h; sourceTree = "<group>"; };
		446D90681D38615A0006BEE5 /* TableViewCell.m */ = {isa = PBXFileReference; fileEncoding = 4; lastKnownFileType = sourcecode.c.objc; path = TableViewCell.m; sourceTree = "<group>"; };
/* End PBXFileReference section */

/* Begin PBXFrameworksBuildPhase section */
		446D90341D3856EC0006BEE5 /* Frameworks */ = {
			isa = PBXFrameworksBuildPhase;
			buildActionMask = 2147483647;
			files = (
			);
			runOnlyForDeploymentPostprocessing = 0;
		};
		446D904D1D3856EC0006BEE5 /* Frameworks */ = {
			isa = PBXFrameworksBuildPhase;
			buildActionMask = 2147483647;
			files = (
			);
			runOnlyForDeploymentPostprocessing = 0;
		};
/* End PBXFrameworksBuildPhase section */

/* Begin PBXGroup section */
		446D902E1D3856EC0006BEE5 = {
			isa = PBXGroup;
			children = (
				446D90391D3856EC0006BEE5 /* TestEx2 */,
				446D90531D3856EC0006BEE5 /* TestEx2Tests */,
				446D90381D3856EC0006BEE5 /* Products */,
			);
			sourceTree = "<group>";
		};
		446D90381D3856EC0006BEE5 /* Products */ = {
			isa = PBXGroup;
			children = (
				446D90371D3856EC0006BEE5 /* TestEx2.app */,
				446D90501D3856EC0006BEE5 /* TestEx2Tests.xctest */,
			);
			name = Products;
			sourceTree = "<group>";
		};
		446D90391D3856EC0006BEE5 /* TestEx2 */ = {
			isa = PBXGroup;
			children = (
				446D90621D3860A40006BEE5 /* Model */,
				446D906A1D3861640006BEE5 /* View */,
				446D90631D3860BE0006BEE5 /* Controller */,
				446D903D1D3856EC0006BEE5 /* AppDelegate.h */,
				446D903E1D3856EC0006BEE5 /* AppDelegate.m */,
				446D90431D3856EC0006BEE5 /* Main.storyboard */,
				446D90461D3856EC0006BEE5 /* Assets.xcassets */,
				446D90481D3856EC0006BEE5 /* LaunchScreen.storyboard */,
				446D904B1D3856EC0006BEE5 /* Info.plist */,
				446D903A1D3856EC0006BEE5 /* Supporting Files */,
			);
			path = TestEx2;
			sourceTree = "<group>";
		};
		446D903A1D3856EC0006BEE5 /* Supporting Files */ = {
			isa = PBXGroup;
			children = (
				446D903B1D3856EC0006BEE5 /* main.m */,
			);
			name = "Supporting Files";
			sourceTree = "<group>";
		};
		446D90531D3856EC0006BEE5 /* TestEx2Tests */ = {
			isa = PBXGroup;
			children = (
				446D90541D3856EC0006BEE5 /* TestEx2Tests.m */,
				446D90561D3856EC0006BEE5 /* Info.plist */,
			);
			path = TestEx2Tests;
			sourceTree = "<group>";
		};
		446D90621D3860A40006BEE5 /* Model */ = {
			isa = PBXGroup;
			children = (
				446D905F1D385E430006BEE5 /* Song.h */,
				446D90601D385E430006BEE5 /* Song.m */,
			);
			name = Model;
			sourceTree = "<group>";
		};
		446D90631D3860BE0006BEE5 /* Controller */ = {
			isa = PBXGroup;
			children = (
				446D90401D3856EC0006BEE5 /* MasterViewController.h */,
				446D90411D3856EC0006BEE5 /* MasterViewController.m */,
				446D90641D3860F20006BEE5 /* DetailViewController.h */,
				446D90651D3860F20006BEE5 /* DetailViewController.m */,
			);
			name = Controller;
			sourceTree = "<group>";
		};
		446D906A1D3861640006BEE5 /* View */ = {
			isa = PBXGroup;
			children = (
				446D90671D38615A0006BEE5 /* TableViewCell.h */,
				446D90681D38615A0006BEE5 /* TableViewCell.m */,
			);
			name = View;
			sourceTree = "<group>";
		};
/* End PBXGroup section */

/* Begin PBXNativeTarget section */
		446D90361D3856EC0006BEE5 /* TestEx2 */ = {
			isa = PBXNativeTarget;
			buildConfigurationList = 446D90591D3856EC0006BEE5 /* Build configuration list for PBXNativeTarget "TestEx2" */;
			buildPhases = (
				446D90331D3856EC0006BEE5 /* Sources */,
				446D90341D3856EC0006BEE5 /* Frameworks */,
				446D90351D3856EC0006BEE5 /* Resources */,
			);
			buildRules = (
			);
			dependencies = (
			);
			name = TestEx2;
			productName = TestEx2;
			productReference = 446D90371D3856EC0006BEE5 /* TestEx2.app */;
			productType = "com.apple.product-type.application";
		};
		446D904F1D3856EC0006BEE5 /* TestEx2Tests */ = {
			isa = PBXNativeTarget;
			buildConfigurationList = 446D905C1D3856EC0006BEE5 /* Build configuration list for PBXNativeTarget "TestEx2Tests" */;
			buildPhases = (
				446D904C1D3856EC0006BEE5 /* Sources */,
				446D904D1D3856EC0006BEE5 /* Frameworks */,
				446D904E1D3856EC0006BEE5 /* Resources */,
			);
			buildRules = (
			);
			dependencies = (
				446D90521D3856EC0006BEE5 /* PBXTargetDependency */,
			);
			name = TestEx2Tests;
			productName = TestEx2Tests;
			productReference = 446D90501D3856EC0006BEE5 /* TestEx2Tests.xctest */;
			productType = "com.apple.product-type.bundle.unit-test";
		};
/* End PBXNativeTarget section */

/* Begin PBXProject section */
		446D902F1D3856EC0006BEE5 /* Project object */ = {
			isa = PBXProject;
			attributes = {
				LastUpgradeCheck = 0730;
				ORGANIZATIONNAME = "Yevhen Kim";
				TargetAttributes = {
					446D90361D3856EC0006BEE5 = {
						CreatedOnToolsVersion = 7.3.1;
					};
					446D904F1D3856EC0006BEE5 = {
						CreatedOnToolsVersion = 7.3.1;
						TestTargetID = 446D90361D3856EC0006BEE5;
					};
				};
			};
			buildConfigurationList = 446D90321D3856EC0006BEE5 /* Build configuration list for PBXProject "TestEx2" */;
			compatibilityVersion = "Xcode 3.2";
			developmentRegion = English;
			hasScannedForEncodings = 0;
			knownRegions = (
				en,
				Base,
			);
			mainGroup = 446D902E1D3856EC0006BEE5;
			productRefGroup = 446D90381D3856EC0006BEE5 /* Products */;
			projectDirPath = "";
			projectRoot = "";
			targets = (
				446D90361D3856EC0006BEE5 /* TestEx2 */,
				446D904F1D3856EC0006BEE5 /* TestEx2Tests */,
			);
		};
/* End PBXProject section */

/* Begin PBXResourcesBuildPhase section */
		446D90351D3856EC0006BEE5 /* Resources */ = {
			isa = PBXResourcesBuildPhase;
			buildActionMask = 2147483647;
			files = (
				446D904A1D3856EC0006BEE5 /* LaunchScreen.storyboard in Resources */,
				446D90471D3856EC0006BEE5 /* Assets.xcassets in Resources */,
				446D90451D3856EC0006BEE5 /* Main.storyboard in Resources */,
			);
			runOnlyForDeploymentPostprocessing = 0;
		};
		446D904E1D3856EC0006BEE5 /* Resources */ = {
			isa = PBXResourcesBuildPhase;
			buildActionMask = 2147483647;
			files = (
			);
			runOnlyForDeploymentPostprocessing = 0;
		};
/* End PBXResourcesBuildPhase section */

/* Begin PBXSourcesBuildPhase section */
		446D90331D3856EC0006BEE5 /* Sources */ = {
			isa = PBXSourcesBuildPhase;
			buildActionMask = 2147483647;
			files = (
				446D90661D3860F20006BEE5 /* DetailViewController.m in Sources */,
				446D90691D38615A0006BEE5 /* TableViewCell.m in Sources */,
				446D90421D3856EC0006BEE5 /* MasterViewController.m in Sources */,
				446D903F1D3856EC0006BEE5 /* AppDelegate.m in Sources */,
				446D903C1D3856EC0006BEE5 /* main.m in Sources */,
				446D90611D385E430006BEE5 /* Song.m in Sources */,
			);
			runOnlyForDeploymentPostprocessing = 0;
		};
		446D904C1D3856EC0006BEE5 /* Sources */ = {
			isa = PBXSourcesBuildPhase;
			buildActionMask = 2147483647;
			files = (
				446D90551D3856EC0006BEE5 /* TestEx2Tests.m in Sources */,
			);
			runOnlyForDeploymentPostprocessing = 0;
		};
/* End PBXSourcesBuildPhase section */

/* Begin PBXTargetDependency section */
		446D90521D3856EC0006BEE5 /* PBXTargetDependency */ = {
			isa = PBXTargetDependency;
			target = 446D90361D3856EC0006BEE5 /* TestEx2 */;
			targetProxy = 446D90511D3856EC0006BEE5 /* PBXContainerItemProxy */;
		};
/* End PBXTargetDependency section */

/* Begin PBXVariantGroup section */
		446D90431D3856EC0006BEE5 /* Main.storyboard */ = {
			isa = PBXVariantGroup;
			children = (
				446D90441D3856EC0006BEE5 /* Base */,
			);
			name = Main.storyboard;
			sourceTree = "<group>";
		};
		446D90481D3856EC0006BEE5 /* LaunchScreen.storyboard */ = {
			isa = PBXVariantGroup;
			children = (
				446D90491D3856EC0006BEE5 /* Base */,
			);
			name = LaunchScreen.storyboard;
			sourceTree = "<group>";
		};
/* End PBXVariantGroup section */

/* Begin XCBuildConfiguration section */
		446D90571D3856EC0006BEE5 /* Debug */ = {
			isa = XCBuildConfiguration;
			buildSettings = {
				ALWAYS_SEARCH_USER_PATHS = NO;
				CLANG_ANALYZER_NONNULL = YES;
				CLANG_CXX_LANGUAGE_STANDARD = "gnu++0x";
				CLANG_CXX_LIBRARY = "libc++";
				CLANG_ENABLE_MODULES = YES;
				CLANG_ENABLE_OBJC_ARC = YES;
				CLANG_WARN_BOOL_CONVERSION = YES;
				CLANG_WARN_CONSTANT_CONVERSION = YES;
				CLANG_WARN_DIRECT_OBJC_ISA_USAGE = YES_ERROR;
				CLANG_WARN_EMPTY_BODY = YES;
				CLANG_WARN_ENUM_CONVERSION = YES;
				CLANG_WARN_INT_CONVERSION = YES;
				CLANG_WARN_OBJC_ROOT_CLASS = YES_ERROR;
				CLANG_WARN_UNREACHABLE_CODE = YES;
				CLANG_WARN__DUPLICATE_METHOD_MATCH = YES;
				"CODE_SIGN_IDENTITY[sdk=iphoneos*]" = "iPhone Developer";
				COPY_PHASE_STRIP = NO;
				DEBUG_INFORMATION_FORMAT = dwarf;
				ENABLE_STRICT_OBJC_MSGSEND = YES;
				ENABLE_TESTABILITY = YES;
				GCC_C_LANGUAGE_STANDARD = gnu99;
				GCC_DYNAMIC_NO_PIC = NO;
				GCC_NO_COMMON_BLOCKS = YES;
				GCC_OPTIMIZATION_LEVEL = 0;
				GCC_PREPROCESSOR_DEFINITIONS = (
					"DEBUG=1",
					"$(inherited)",
				);
				GCC_WARN_64_TO_32_BIT_CONVERSION = YES;
				GCC_WARN_ABOUT_RETURN_TYPE = YES_ERROR;
				GCC_WARN_UNDECLARED_SELECTOR = YES;
				GCC_WARN_UNINITIALIZED_AUTOS = YES_AGGRESSIVE;
				GCC_WARN_UNUSED_FUNCTION = YES;
				GCC_WARN_UNUSED_VARIABLE = YES;
				IPHONEOS_DEPLOYMENT_TARGET = 9.3;
				MTL_ENABLE_DEBUG_INFO = YES;
				ONLY_ACTIVE_ARCH = YES;
				SDKROOT = iphoneos;
			};
			name = Debug;
		};
		446D90581D3856EC0006BEE5 /* Release */ = {
			isa = XCBuildConfiguration;
			buildSettings = {
				ALWAYS_SEARCH_USER_PATHS = NO;
				CLANG_ANALYZER_NONNULL = YES;
				CLANG_CXX_LANGUAGE_STANDARD = "gnu++0x";
				CLANG_CXX_LIBRARY = "libc++";
				CLANG_ENABLE_MODULES = YES;
				CLANG_ENABLE_OBJC_ARC = YES;
				CLANG_WARN_BOOL_CONVERSION = YES;
				CLANG_WARN_CONSTANT_CONVERSION = YES;
				CLANG_WARN_DIRECT_OBJC_ISA_USAGE = YES_ERROR;
				CLANG_WARN_EMPTY_BODY = YES;
				CLANG_WARN_ENUM_CONVERSION = YES;
				CLANG_WARN_INT_CONVERSION = YES;
				CLANG_WARN_OBJC_ROOT_CLASS = YES_ERROR;
				CLANG_WARN_UNREACHABLE_CODE = YES;
				CLANG_WARN__DUPLICATE_METHOD_MATCH = YES;
				"CODE_SIGN_IDENTITY[sdk=iphoneos*]" = "iPhone Developer";
				COPY_PHASE_STRIP = NO;
				DEBUG_INFORMATION_FORMAT = "dwarf-with-dsym";
				ENABLE_NS_ASSERTIONS = NO;
				ENABLE_STRICT_OBJC_MSGSEND = YES;
				GCC_C_LANGUAGE_STANDARD = gnu99;
				GCC_NO_COMMON_BLOCKS = YES;
				GCC_WARN_64_TO_32_BIT_CONVERSION = YES;
				GCC_WARN_ABOUT_RETURN_TYPE = YES_ERROR;
				GCC_WARN_UNDECLARED_SELECTOR = YES;
				GCC_WARN_UNINITIALIZED_AUTOS = YES_AGGRESSIVE;
				GCC_WARN_UNUSED_FUNCTION = YES;
				GCC_WARN_UNUSED_VARIABLE = YES;
				IPHONEOS_DEPLOYMENT_TARGET = 9.3;
				MTL_ENABLE_DEBUG_INFO = NO;
				SDKROOT = iphoneos;
				VALIDATE_PRODUCT = YES;
			};
			name = Release;
		};
		446D905A1D3856EC0006BEE5 /* Debug */ = {
			isa = XCBuildConfiguration;
			buildSettings = {
				ASSETCATALOG_COMPILER_APPICON_NAME = AppIcon;
				INFOPLIST_FILE = TestEx2/Info.plist;
				LD_RUNPATH_SEARCH_PATHS = "$(inherited) @executable_path/Frameworks";
				PRODUCT_BUNDLE_IDENTIFIER = com.yevhenkim.TestEx2;
				PRODUCT_NAME = "$(TARGET_NAME)";
			};
			name = Debug;
		};
		446D905B1D3856EC0006BEE5 /* Release */ = {
			isa = XCBuildConfiguration;
			buildSettings = {
				ASSETCATALOG_COMPILER_APPICON_NAME = AppIcon;
				INFOPLIST_FILE = TestEx2/Info.plist;
				LD_RUNPATH_SEARCH_PATHS = "$(inherited) @executable_path/Frameworks";
				PRODUCT_BUNDLE_IDENTIFIER = com.yevhenkim.TestEx2;
				PRODUCT_NAME = "$(TARGET_NAME)";
			};
			name = Release;
		};
		446D905D1D3856EC0006BEE5 /* Debug */ = {
			isa = XCBuildConfiguration;
			buildSettings = {
				BUNDLE_LOADER = "$(TEST_HOST)";
				INFOPLIST_FILE = TestEx2Tests/Info.plist;
				LD_RUNPATH_SEARCH_PATHS = "$(inherited) @executable_path/Frameworks @loader_path/Frameworks";
				PRODUCT_BUNDLE_IDENTIFIER = com.yevhenkim.TestEx2Tests;
				PRODUCT_NAME = "$(TARGET_NAME)";
				TEST_HOST = "$(BUILT_PRODUCTS_DIR)/TestEx2.app/TestEx2";
			};
			name = Debug;
		};
		446D905E1D3856EC0006BEE5 /* Release */ = {
			isa = XCBuildConfiguration;
			buildSettings = {
				BUNDLE_LOADER = "$(TEST_HOST)";
				INFOPLIST_FILE = TestEx2Tests/Info.plist;
				LD_RUNPATH_SEARCH_PATHS = "$(inherited) @executable_path/Frameworks @loader_path/Frameworks";
				PRODUCT_BUNDLE_IDENTIFIER = com.yevhenkim.TestEx2Tests;
				PRODUCT_NAME = "$(TARGET_NAME)";
				TEST_HOST = "$(BUILT_PRODUCTS_DIR)/TestEx2.app/TestEx2";
			};
			name = Release;
		};
/* End XCBuildConfiguration section */

/* Begin XCConfigurationList section */
		446D90321D3856EC0006BEE5 /* Build configuration list for PBXProject "TestEx2" */ = {
			isa = XCConfigurationList;
			buildConfigurations = (
				446D90571D3856EC0006BEE5 /* Debug */,
				446D90581D3856EC0006BEE5 /* Release */,
			);
			defaultConfigurationIsVisible = 0;
			defaultConfigurationName = Release;
		};
		446D90591D3856EC0006BEE5 /* Build configuration list for PBXNativeTarget "TestEx2" */ = {
			isa = XCConfigurationList;
			buildConfigurations = (
				446D905A1D3856EC0006BEE5 /* Debug */,
				446D905B1D3856EC0006BEE5 /* Release */,
			);
			defaultConfigurationIsVisible = 0;
		};
		446D905C1D3856EC0006BEE5 /* Build configuration list for PBXNativeTarget "TestEx2Tests" */ = {
			isa = XCConfigurationList;
			buildConfigurations = (
				446D905D1D3856EC0006BEE5 /* Debug */,
				446D905E1D3856EC0006BEE5 /* Release */,
			);
			defaultConfigurationIsVisible = 0;
		};
/* End XCConfigurationList section */
	};
	rootObject = 446D902F1D3856EC0006BEE5 /* Project object */;
}
